// !$*UTF8*$!
{
	archiveVersion = 1;
	classes = {
	};
	objectVersion = 46;
	objects = {

/* Begin PBXBuildFile section */
		6B2338C51EAE063200166E38 /* FLAnimatedImageView+WebCache.m in Sources */ = {isa = PBXBuildFile; fileRef = 6B23389D1EAE063200166E38 /* FLAnimatedImageView+WebCache.m */; };
		6B2338C61EAE063200166E38 /* MKAnnotationView+WebCache.m in Sources */ = {isa = PBXBuildFile; fileRef = 6B23389F1EAE063200166E38 /* MKAnnotationView+WebCache.m */; };
		6B2338C71EAE063200166E38 /* NSData+ImageContentType.m in Sources */ = {isa = PBXBuildFile; fileRef = 6B2338A11EAE063200166E38 /* NSData+ImageContentType.m */; };
		6B2338C81EAE063200166E38 /* NSImage+WebCache.m in Sources */ = {isa = PBXBuildFile; fileRef = 6B2338A31EAE063200166E38 /* NSImage+WebCache.m */; };
		6B2338C91EAE063200166E38 /* SDImageCache.m in Sources */ = {isa = PBXBuildFile; fileRef = 6B2338A51EAE063200166E38 /* SDImageCache.m */; };
		6B2338CA1EAE063200166E38 /* SDImageCacheConfig.m in Sources */ = {isa = PBXBuildFile; fileRef = 6B2338A71EAE063200166E38 /* SDImageCacheConfig.m */; };
		6B2338CB1EAE063200166E38 /* SDWebImageCompat.m in Sources */ = {isa = PBXBuildFile; fileRef = 6B2338A91EAE063200166E38 /* SDWebImageCompat.m */; };
		6B2338CC1EAE063200166E38 /* SDWebImageDecoder.m in Sources */ = {isa = PBXBuildFile; fileRef = 6B2338AB1EAE063200166E38 /* SDWebImageDecoder.m */; };
		6B2338CD1EAE063200166E38 /* SDWebImageDownloader.m in Sources */ = {isa = PBXBuildFile; fileRef = 6B2338AD1EAE063200166E38 /* SDWebImageDownloader.m */; };
		6B2338CE1EAE063200166E38 /* SDWebImageDownloaderOperation.m in Sources */ = {isa = PBXBuildFile; fileRef = 6B2338AF1EAE063200166E38 /* SDWebImageDownloaderOperation.m */; };
		6B2338CF1EAE063200166E38 /* SDWebImageManager.m in Sources */ = {isa = PBXBuildFile; fileRef = 6B2338B11EAE063200166E38 /* SDWebImageManager.m */; };
		6B2338D01EAE063200166E38 /* SDWebImagePrefetcher.m in Sources */ = {isa = PBXBuildFile; fileRef = 6B2338B41EAE063200166E38 /* SDWebImagePrefetcher.m */; };
		6B2338D11EAE063200166E38 /* UIButton+WebCache.m in Sources */ = {isa = PBXBuildFile; fileRef = 6B2338B61EAE063200166E38 /* UIButton+WebCache.m */; };
		6B2338D21EAE063200166E38 /* UIImage+GIF.m in Sources */ = {isa = PBXBuildFile; fileRef = 6B2338B81EAE063200166E38 /* UIImage+GIF.m */; };
		6B2338D31EAE063200166E38 /* UIImage+MultiFormat.m in Sources */ = {isa = PBXBuildFile; fileRef = 6B2338BA1EAE063200166E38 /* UIImage+MultiFormat.m */; };
		6B2338D41EAE063200166E38 /* UIImage+WebP.m in Sources */ = {isa = PBXBuildFile; fileRef = 6B2338BC1EAE063200166E38 /* UIImage+WebP.m */; };
		6B2338D51EAE063200166E38 /* UIImageView+HighlightedWebCache.m in Sources */ = {isa = PBXBuildFile; fileRef = 6B2338BE1EAE063200166E38 /* UIImageView+HighlightedWebCache.m */; };
		6B2338D61EAE063200166E38 /* UIImageView+WebCache.m in Sources */ = {isa = PBXBuildFile; fileRef = 6B2338C01EAE063200166E38 /* UIImageView+WebCache.m */; };
		6B2338D71EAE063200166E38 /* UIView+WebCache.m in Sources */ = {isa = PBXBuildFile; fileRef = 6B2338C21EAE063200166E38 /* UIView+WebCache.m */; };
		6B2338D81EAE063200166E38 /* UIView+WebCacheOperation.m in Sources */ = {isa = PBXBuildFile; fileRef = 6B2338C41EAE063200166E38 /* UIView+WebCacheOperation.m */; };
		6B2338DF1EAE066D00166E38 /* FLAnimatedImage.m in Sources */ = {isa = PBXBuildFile; fileRef = 6B2338DB1EAE066D00166E38 /* FLAnimatedImage.m */; };
		6B2338E01EAE066D00166E38 /* FLAnimatedImageView.m in Sources */ = {isa = PBXBuildFile; fileRef = 6B2338DD1EAE066D00166E38 /* FLAnimatedImageView.m */; };
		6B3F3EFC1D65D86B004AFBB3 /* DACircularProgressView.m in Sources */ = {isa = PBXBuildFile; fileRef = 6B3F3EF91D65D86B004AFBB3 /* DACircularProgressView.m */; };
		6B3F3EFD1D65D86B004AFBB3 /* DALabeledCircularProgressView.m in Sources */ = {isa = PBXBuildFile; fileRef = 6B3F3EFB1D65D86B004AFBB3 /* DALabeledCircularProgressView.m */; };
		6B3F3F2F1D65FCBA004AFBB3 /* MBProgressHUD+PYExtension.m in Sources */ = {isa = PBXBuildFile; fileRef = 6B3F3F111D65FCBA004AFBB3 /* MBProgressHUD+PYExtension.m */; };
		6B3F3F301D65FCBA004AFBB3 /* UIView+PYExtension.m in Sources */ = {isa = PBXBuildFile; fileRef = 6B3F3F131D65FCBA004AFBB3 /* UIView+PYExtension.m */; };
		6B3F3F311D65FCBA004AFBB3 /* PYPhotosNavigationController.m in Sources */ = {isa = PBXBuildFile; fileRef = 6B3F3F161D65FCBA004AFBB3 /* PYPhotosNavigationController.m */; };
		6B3F3F321D65FCBA004AFBB3 /* PYPhotosPreviewController.m in Sources */ = {isa = PBXBuildFile; fileRef = 6B3F3F181D65FCBA004AFBB3 /* PYPhotosPreviewController.m */; };
		6B3F3F331D65FCBA004AFBB3 /* PYPhotosReaderController.m in Sources */ = {isa = PBXBuildFile; fileRef = 6B3F3F1A1D65FCBA004AFBB3 /* PYPhotosReaderController.m */; };
		6B3F3F341D65FCBA004AFBB3 /* PYPhotosViewController.m in Sources */ = {isa = PBXBuildFile; fileRef = 6B3F3F1C1D65FCBA004AFBB3 /* PYPhotosViewController.m */; };
		6B3F3F351D65FCBA004AFBB3 /* PYPhoto.m in Sources */ = {isa = PBXBuildFile; fileRef = 6B3F3F1F1D65FCBA004AFBB3 /* PYPhoto.m */; };
		6B3F3F361D65FCBA004AFBB3 /* PYPhotoBrowserConst.m in Sources */ = {isa = PBXBuildFile; fileRef = 6B3F3F221D65FCBA004AFBB3 /* PYPhotoBrowserConst.m */; };
		6B3F3F371D65FCBA004AFBB3 /* PYProgressView.m in Sources */ = {isa = PBXBuildFile; fileRef = 6B3F3F241D65FCBA004AFBB3 /* PYProgressView.m */; };
		6B3F3F381D65FCBA004AFBB3 /* PYPhotosView.bundle in Resources */ = {isa = PBXBuildFile; fileRef = 6B3F3F251D65FCBA004AFBB3 /* PYPhotosView.bundle */; };
		6B3F3F391D65FCBA004AFBB3 /* PYPhotoBrowseView.m in Sources */ = {isa = PBXBuildFile; fileRef = 6B3F3F281D65FCBA004AFBB3 /* PYPhotoBrowseView.m */; };
		6B3F3F3A1D65FCBA004AFBB3 /* PYPhotoCell.m in Sources */ = {isa = PBXBuildFile; fileRef = 6B3F3F2A1D65FCBA004AFBB3 /* PYPhotoCell.m */; };
		6B3F3F3B1D65FCBA004AFBB3 /* PYPhotosView.m in Sources */ = {isa = PBXBuildFile; fileRef = 6B3F3F2C1D65FCBA004AFBB3 /* PYPhotosView.m */; };
		6B3F3F3C1D65FCBA004AFBB3 /* PYPhotoView.m in Sources */ = {isa = PBXBuildFile; fileRef = 6B3F3F2E1D65FCBA004AFBB3 /* PYPhotoView.m */; };
		6B7B2C371D1CD8610012B152 /* PYPublishExampleViewController.m in Sources */ = {isa = PBXBuildFile; fileRef = 6B7B2C361D1CD8610012B152 /* PYPublishExampleViewController.m */; };
		6BA1B4661D4090E30010343C /* Assets.xcassets in Resources */ = {isa = PBXBuildFile; fileRef = 6BA1B4651D4090E30010343C /* Assets.xcassets */; };
		6BA282701D004F20007FE7E8 /* main.m in Sources */ = {isa = PBXBuildFile; fileRef = 6BA2826F1D004F20007FE7E8 /* main.m */; };
		6BA282731D004F20007FE7E8 /* AppDelegate.m in Sources */ = {isa = PBXBuildFile; fileRef = 6BA282721D004F20007FE7E8 /* AppDelegate.m */; };
		6BA282791D004F20007FE7E8 /* Main.storyboard in Resources */ = {isa = PBXBuildFile; fileRef = 6BA282771D004F20007FE7E8 /* Main.storyboard */; };
		6BA2827E1D004F20007FE7E8 /* LaunchScreen.storyboard in Resources */ = {isa = PBXBuildFile; fileRef = 6BA2827C1D004F20007FE7E8 /* LaunchScreen.storyboard */; };
		6BA282891D004F20007FE7E8 /* PYPhotosViewExampleTests.m in Sources */ = {isa = PBXBuildFile; fileRef = 6BA282881D004F20007FE7E8 /* PYPhotosViewExampleTests.m */; };
		6BA282941D004F20007FE7E8 /* PYPhotosViewExampleUITests.m in Sources */ = {isa = PBXBuildFile; fileRef = 6BA282931D004F20007FE7E8 /* PYPhotosViewExampleUITests.m */; };
		6BA282A31D004F86007FE7E8 /* PYExampleViewController.m in Sources */ = {isa = PBXBuildFile; fileRef = 6BA282A21D004F86007FE7E8 /* PYExampleViewController.m */; };
		6BC54BDA1D20314500580646 /* MBProgressHUD.bundle in Resources */ = {isa = PBXBuildFile; fileRef = 6BC54BD71D20314500580646 /* MBProgressHUD.bundle */; };
		6BC54BDB1D20314500580646 /* MBProgressHUD.m in Sources */ = {isa = PBXBuildFile; fileRef = 6BC54BD91D20314500580646 /* MBProgressHUD.m */; };
/* End PBXBuildFile section */

/* Begin PBXContainerItemProxy section */
		6BA282851D004F20007FE7E8 /* PBXContainerItemProxy */ = {
			isa = PBXContainerItemProxy;
			containerPortal = 6BA282631D004F20007FE7E8 /* Project object */;
			proxyType = 1;
			remoteGlobalIDString = 6BA2826A1D004F20007FE7E8;
			remoteInfo = PYPhotosViewExample;
		};
		6BA282901D004F20007FE7E8 /* PBXContainerItemProxy */ = {
			isa = PBXContainerItemProxy;
			containerPortal = 6BA282631D004F20007FE7E8 /* Project object */;
			proxyType = 1;
			remoteGlobalIDString = 6BA2826A1D004F20007FE7E8;
			remoteInfo = PYPhotosViewExample;
		};
/* End PBXContainerItemProxy section */

/* Begin PBXFileReference section */
		6B23389C1EAE063200166E38 /* FLAnimatedImageView+WebCache.h */ = {isa = PBXFileReference; fileEncoding = 4; lastKnownFileType = sourcecode.c.h; path = "FLAnimatedImageView+WebCache.h"; sourceTree = "<group>"; };
		6B23389D1EAE063200166E38 /* FLAnimatedImageView+WebCache.m */ = {isa = PBXFileReference; fileEncoding = 4; lastKnownFileType = sourcecode.c.objc; path = "FLAnimatedImageView+WebCache.m"; sourceTree = "<group>"; };
		6B23389E1EAE063200166E38 /* MKAnnotationView+WebCache.h */ = {isa = PBXFileReference; fileEncoding = 4; lastKnownFileType = sourcecode.c.h; path = "MKAnnotationView+WebCache.h"; sourceTree = "<group>"; };
		6B23389F1EAE063200166E38 /* MKAnnotationView+WebCache.m */ = {isa = PBXFileReference; fileEncoding = 4; lastKnownFileType = sourcecode.c.objc; path = "MKAnnotationView+WebCache.m"; sourceTree = "<group>"; };
		6B2338A01EAE063200166E38 /* NSData+ImageContentType.h */ = {isa = PBXFileReference; fileEncoding = 4; lastKnownFileType = sourcecode.c.h; path = "NSData+ImageContentType.h"; sourceTree = "<group>"; };
		6B2338A11EAE063200166E38 /* NSData+ImageContentType.m */ = {isa = PBXFileReference; fileEncoding = 4; lastKnownFileType = sourcecode.c.objc; path = "NSData+ImageContentType.m"; sourceTree = "<group>"; };
		6B2338A21EAE063200166E38 /* NSImage+WebCache.h */ = {isa = PBXFileReference; fileEncoding = 4; lastKnownFileType = sourcecode.c.h; path = "NSImage+WebCache.h"; sourceTree = "<group>"; };
		6B2338A31EAE063200166E38 /* NSImage+WebCache.m */ = {isa = PBXFileReference; fileEncoding = 4; lastKnownFileType = sourcecode.c.objc; path = "NSImage+WebCache.m"; sourceTree = "<group>"; };
		6B2338A41EAE063200166E38 /* SDImageCache.h */ = {isa = PBXFileReference; fileEncoding = 4; lastKnownFileType = sourcecode.c.h; path = SDImageCache.h; sourceTree = "<group>"; };
		6B2338A51EAE063200166E38 /* SDImageCache.m */ = {isa = PBXFileReference; fileEncoding = 4; lastKnownFileType = sourcecode.c.objc; path = SDImageCache.m; sourceTree = "<group>"; };
		6B2338A61EAE063200166E38 /* SDImageCacheConfig.h */ = {isa = PBXFileReference; fileEncoding = 4; lastKnownFileType = sourcecode.c.h; path = SDImageCacheConfig.h; sourceTree = "<group>"; };
		6B2338A71EAE063200166E38 /* SDImageCacheConfig.m */ = {isa = PBXFileReference; fileEncoding = 4; lastKnownFileType = sourcecode.c.objc; path = SDImageCacheConfig.m; sourceTree = "<group>"; };
		6B2338A81EAE063200166E38 /* SDWebImageCompat.h */ = {isa = PBXFileReference; fileEncoding = 4; lastKnownFileType = sourcecode.c.h; path = SDWebImageCompat.h; sourceTree = "<group>"; };
		6B2338A91EAE063200166E38 /* SDWebImageCompat.m */ = {isa = PBXFileReference; fileEncoding = 4; lastKnownFileType = sourcecode.c.objc; path = SDWebImageCompat.m; sourceTree = "<group>"; };
		6B2338AA1EAE063200166E38 /* SDWebImageDecoder.h */ = {isa = PBXFileReference; fileEncoding = 4; lastKnownFileType = sourcecode.c.h; path = SDWebImageDecoder.h; sourceTree = "<group>"; };
		6B2338AB1EAE063200166E38 /* SDWebImageDecoder.m */ = {isa = PBXFileReference; fileEncoding = 4; lastKnownFileType = sourcecode.c.objc; path = SDWebImageDecoder.m; sourceTree = "<group>"; };
		6B2338AC1EAE063200166E38 /* SDWebImageDownloader.h */ = {isa = PBXFileReference; fileEncoding = 4; lastKnownFileType = sourcecode.c.h; path = SDWebImageDownloader.h; sourceTree = "<group>"; };
		6B2338AD1EAE063200166E38 /* SDWebImageDownloader.m */ = {isa = PBXFileReference; fileEncoding = 4; lastKnownFileType = sourcecode.c.objc; path = SDWebImageDownloader.m; sourceTree = "<group>"; };
		6B2338AE1EAE063200166E38 /* SDWebImageDownloaderOperation.h */ = {isa = PBXFileReference; fileEncoding = 4; lastKnownFileType = sourcecode.c.h; path = SDWebImageDownloaderOperation.h; sourceTree = "<group>"; };
		6B2338AF1EAE063200166E38 /* SDWebImageDownloaderOperation.m */ = {isa = PBXFileReference; fileEncoding = 4; lastKnownFileType = sourcecode.c.objc; path = SDWebImageDownloaderOperation.m; sourceTree = "<group>"; };
		6B2338B01EAE063200166E38 /* SDWebImageManager.h */ = {isa = PBXFileReference; fileEncoding = 4; lastKnownFileType = sourcecode.c.h; path = SDWebImageManager.h; sourceTree = "<group>"; };
		6B2338B11EAE063200166E38 /* SDWebImageManager.m */ = {isa = PBXFileReference; fileEncoding = 4; lastKnownFileType = sourcecode.c.objc; path = SDWebImageManager.m; sourceTree = "<group>"; };
		6B2338B21EAE063200166E38 /* SDWebImageOperation.h */ = {isa = PBXFileReference; fileEncoding = 4; lastKnownFileType = sourcecode.c.h; path = SDWebImageOperation.h; sourceTree = "<group>"; };
		6B2338B31EAE063200166E38 /* SDWebImagePrefetcher.h */ = {isa = PBXFileReference; fileEncoding = 4; lastKnownFileType = sourcecode.c.h; path = SDWebImagePrefetcher.h; sourceTree = "<group>"; };
		6B2338B41EAE063200166E38 /* SDWebImagePrefetcher.m */ = {isa = PBXFileReference; fileEncoding = 4; lastKnownFileType = sourcecode.c.objc; path = SDWebImagePrefetcher.m; sourceTree = "<group>"; };
		6B2338B51EAE063200166E38 /* UIButton+WebCache.h */ = {isa = PBXFileReference; fileEncoding = 4; lastKnownFileType = sourcecode.c.h; path = "UIButton+WebCache.h"; sourceTree = "<group>"; };
		6B2338B61EAE063200166E38 /* UIButton+WebCache.m */ = {isa = PBXFileReference; fileEncoding = 4; lastKnownFileType = sourcecode.c.objc; path = "UIButton+WebCache.m"; sourceTree = "<group>"; };
		6B2338B71EAE063200166E38 /* UIImage+GIF.h */ = {isa = PBXFileReference; fileEncoding = 4; lastKnownFileType = sourcecode.c.h; path = "UIImage+GIF.h"; sourceTree = "<group>"; };
		6B2338B81EAE063200166E38 /* UIImage+GIF.m */ = {isa = PBXFileReference; fileEncoding = 4; lastKnownFileType = sourcecode.c.objc; path = "UIImage+GIF.m"; sourceTree = "<group>"; };
		6B2338B91EAE063200166E38 /* UIImage+MultiFormat.h */ = {isa = PBXFileReference; fileEncoding = 4; lastKnownFileType = sourcecode.c.h; path = "UIImage+MultiFormat.h"; sourceTree = "<group>"; };
		6B2338BA1EAE063200166E38 /* UIImage+MultiFormat.m */ = {isa = PBXFileReference; fileEncoding = 4; lastKnownFileType = sourcecode.c.objc; path = "UIImage+MultiFormat.m"; sourceTree = "<group>"; };
		6B2338BB1EAE063200166E38 /* UIImage+WebP.h */ = {isa = PBXFileReference; fileEncoding = 4; lastKnownFileType = sourcecode.c.h; path = "UIImage+WebP.h"; sourceTree = "<group>"; };
		6B2338BC1EAE063200166E38 /* UIImage+WebP.m */ = {isa = PBXFileReference; fileEncoding = 4; lastKnownFileType = sourcecode.c.objc; path = "UIImage+WebP.m"; sourceTree = "<group>"; };
		6B2338BD1EAE063200166E38 /* UIImageView+HighlightedWebCache.h */ = {isa = PBXFileReference; fileEncoding = 4; lastKnownFileType = sourcecode.c.h; path = "UIImageView+HighlightedWebCache.h"; sourceTree = "<group>"; };
		6B2338BE1EAE063200166E38 /* UIImageView+HighlightedWebCache.m */ = {isa = PBXFileReference; fileEncoding = 4; lastKnownFileType = sourcecode.c.objc; path = "UIImageView+HighlightedWebCache.m"; sourceTree = "<group>"; };
		6B2338BF1EAE063200166E38 /* UIImageView+WebCache.h */ = {isa = PBXFileReference; fileEncoding = 4; lastKnownFileType = sourcecode.c.h; path = "UIImageView+WebCache.h"; sourceTree = "<group>"; };
		6B2338C01EAE063200166E38 /* UIImageView+WebCache.m */ = {isa = PBXFileReference; fileEncoding = 4; lastKnownFileType = sourcecode.c.objc; path = "UIImageView+WebCache.m"; sourceTree = "<group>"; };
		6B2338C11EAE063200166E38 /* UIView+WebCache.h */ = {isa = PBXFileReference; fileEncoding = 4; lastKnownFileType = sourcecode.c.h; path = "UIView+WebCache.h"; sourceTree = "<group>"; };
		6B2338C21EAE063200166E38 /* UIView+WebCache.m */ = {isa = PBXFileReference; fileEncoding = 4; lastKnownFileType = sourcecode.c.objc; path = "UIView+WebCache.m"; sourceTree = "<group>"; };
		6B2338C31EAE063200166E38 /* UIView+WebCacheOperation.h */ = {isa = PBXFileReference; fileEncoding = 4; lastKnownFileType = sourcecode.c.h; path = "UIView+WebCacheOperation.h"; sourceTree = "<group>"; };
		6B2338C41EAE063200166E38 /* UIView+WebCacheOperation.m */ = {isa = PBXFileReference; fileEncoding = 4; lastKnownFileType = sourcecode.c.objc; path = "UIView+WebCacheOperation.m"; sourceTree = "<group>"; };
		6B2338DA1EAE066D00166E38 /* FLAnimatedImage.h */ = {isa = PBXFileReference; fileEncoding = 4; lastKnownFileType = sourcecode.c.h; path = FLAnimatedImage.h; sourceTree = "<group>"; };
		6B2338DB1EAE066D00166E38 /* FLAnimatedImage.m */ = {isa = PBXFileReference; fileEncoding = 4; lastKnownFileType = sourcecode.c.objc; path = FLAnimatedImage.m; sourceTree = "<group>"; };
		6B2338DC1EAE066D00166E38 /* FLAnimatedImageView.h */ = {isa = PBXFileReference; fileEncoding = 4; lastKnownFileType = sourcecode.c.h; path = FLAnimatedImageView.h; sourceTree = "<group>"; };
		6B2338DD1EAE066D00166E38 /* FLAnimatedImageView.m */ = {isa = PBXFileReference; fileEncoding = 4; lastKnownFileType = sourcecode.c.objc; path = FLAnimatedImageView.m; sourceTree = "<group>"; };
		6B3F3EF81D65D86B004AFBB3 /* DACircularProgressView.h */ = {isa = PBXFileReference; fileEncoding = 4; lastKnownFileType = sourcecode.c.h; path = DACircularProgressView.h; sourceTree = "<group>"; };
		6B3F3EF91D65D86B004AFBB3 /* DACircularProgressView.m */ = {isa = PBXFileReference; fileEncoding = 4; lastKnownFileType = sourcecode.c.objc; path = DACircularProgressView.m; sourceTree = "<group>"; };
		6B3F3EFA1D65D86B004AFBB3 /* DALabeledCircularProgressView.h */ = {isa = PBXFileReference; fileEncoding = 4; lastKnownFileType = sourcecode.c.h; path = DALabeledCircularProgressView.h; sourceTree = "<group>"; };
		6B3F3EFB1D65D86B004AFBB3 /* DALabeledCircularProgressView.m */ = {isa = PBXFileReference; fileEncoding = 4; lastKnownFileType = sourcecode.c.objc; path = DALabeledCircularProgressView.m; sourceTree = "<group>"; };
		6B3F3F101D65FCBA004AFBB3 /* MBProgressHUD+PYExtension.h */ = {isa = PBXFileReference; fileEncoding = 4; lastKnownFileType = sourcecode.c.h; path = "MBProgressHUD+PYExtension.h"; sourceTree = "<group>"; };
		6B3F3F111D65FCBA004AFBB3 /* MBProgressHUD+PYExtension.m */ = {isa = PBXFileReference; fileEncoding = 4; lastKnownFileType = sourcecode.c.objc; path = "MBProgressHUD+PYExtension.m"; sourceTree = "<group>"; };
		6B3F3F121D65FCBA004AFBB3 /* UIView+PYExtension.h */ = {isa = PBXFileReference; fileEncoding = 4; lastKnownFileType = sourcecode.c.h; path = "UIView+PYExtension.h"; sourceTree = "<group>"; };
		6B3F3F131D65FCBA004AFBB3 /* UIView+PYExtension.m */ = {isa = PBXFileReference; fileEncoding = 4; lastKnownFileType = sourcecode.c.objc; path = "UIView+PYExtension.m"; sourceTree = "<group>"; };
		6B3F3F151D65FCBA004AFBB3 /* PYPhotosNavigationController.h */ = {isa = PBXFileReference; fileEncoding = 4; lastKnownFileType = sourcecode.c.h; path = PYPhotosNavigationController.h; sourceTree = "<group>"; };
		6B3F3F161D65FCBA004AFBB3 /* PYPhotosNavigationController.m */ = {isa = PBXFileReference; fileEncoding = 4; lastKnownFileType = sourcecode.c.objc; path = PYPhotosNavigationController.m; sourceTree = "<group>"; };
		6B3F3F171D65FCBA004AFBB3 /* PYPhotosPreviewController.h */ = {isa = PBXFileReference; fileEncoding = 4; lastKnownFileType = sourcecode.c.h; path = PYPhotosPreviewController.h; sourceTree = "<group>"; };
		6B3F3F181D65FCBA004AFBB3 /* PYPhotosPreviewController.m */ = {isa = PBXFileReference; fileEncoding = 4; lastKnownFileType = sourcecode.c.objc; path = PYPhotosPreviewController.m; sourceTree = "<group>"; };
		6B3F3F191D65FCBA004AFBB3 /* PYPhotosReaderController.h */ = {isa = PBXFileReference; fileEncoding = 4; lastKnownFileType = sourcecode.c.h; path = PYPhotosReaderController.h; sourceTree = "<group>"; };
		6B3F3F1A1D65FCBA004AFBB3 /* PYPhotosReaderController.m */ = {isa = PBXFileReference; fileEncoding = 4; lastKnownFileType = sourcecode.c.objc; path = PYPhotosReaderController.m; sourceTree = "<group>"; };
		6B3F3F1B1D65FCBA004AFBB3 /* PYPhotosViewController.h */ = {isa = PBXFileReference; fileEncoding = 4; lastKnownFileType = sourcecode.c.h; path = PYPhotosViewController.h; sourceTree = "<group>"; };
		6B3F3F1C1D65FCBA004AFBB3 /* PYPhotosViewController.m */ = {isa = PBXFileReference; fileEncoding = 4; lastKnownFileType = sourcecode.c.objc; path = PYPhotosViewController.m; sourceTree = "<group>"; };
		6B3F3F1E1D65FCBA004AFBB3 /* PYPhoto.h */ = {isa = PBXFileReference; fileEncoding = 4; lastKnownFileType = sourcecode.c.h; path = PYPhoto.h; sourceTree = "<group>"; };
		6B3F3F1F1D65FCBA004AFBB3 /* PYPhoto.m */ = {isa = PBXFileReference; fileEncoding = 4; lastKnownFileType = sourcecode.c.objc; path = PYPhoto.m; sourceTree = "<group>"; };
		6B3F3F211D65FCBA004AFBB3 /* PYPhotoBrowserConst.h */ = {isa = PBXFileReference; fileEncoding = 4; lastKnownFileType = sourcecode.c.h; path = PYPhotoBrowserConst.h; sourceTree = "<group>"; };
		6B3F3F221D65FCBA004AFBB3 /* PYPhotoBrowserConst.m */ = {isa = PBXFileReference; fileEncoding = 4; lastKnownFileType = sourcecode.c.objc; path = PYPhotoBrowserConst.m; sourceTree = "<group>"; };
		6B3F3F231D65FCBA004AFBB3 /* PYProgressView.h */ = {isa = PBXFileReference; fileEncoding = 4; lastKnownFileType = sourcecode.c.h; path = PYProgressView.h; sourceTree = "<group>"; };
		6B3F3F241D65FCBA004AFBB3 /* PYProgressView.m */ = {isa = PBXFileReference; fileEncoding = 4; lastKnownFileType = sourcecode.c.objc; path = PYProgressView.m; sourceTree = "<group>"; };
		6B3F3F251D65FCBA004AFBB3 /* PYPhotosView.bundle */ = {isa = PBXFileReference; lastKnownFileType = "wrapper.plug-in"; path = PYPhotosView.bundle; sourceTree = "<group>"; };
		6B3F3F271D65FCBA004AFBB3 /* PYPhotoBrowseView.h */ = {isa = PBXFileReference; fileEncoding = 4; lastKnownFileType = sourcecode.c.h; path = PYPhotoBrowseView.h; sourceTree = "<group>"; };
		6B3F3F281D65FCBA004AFBB3 /* PYPhotoBrowseView.m */ = {isa = PBXFileReference; fileEncoding = 4; lastKnownFileType = sourcecode.c.objc; path = PYPhotoBrowseView.m; sourceTree = "<group>"; };
		6B3F3F291D65FCBA004AFBB3 /* PYPhotoCell.h */ = {isa = PBXFileReference; fileEncoding = 4; lastKnownFileType = sourcecode.c.h; path = PYPhotoCell.h; sourceTree = "<group>"; };
		6B3F3F2A1D65FCBA004AFBB3 /* PYPhotoCell.m */ = {isa = PBXFileReference; fileEncoding = 4; lastKnownFileType = sourcecode.c.objc; path = PYPhotoCell.m; sourceTree = "<group>"; };
		6B3F3F2B1D65FCBA004AFBB3 /* PYPhotosView.h */ = {isa = PBXFileReference; fileEncoding = 4; lastKnownFileType = sourcecode.c.h; path = PYPhotosView.h; sourceTree = "<group>"; };
		6B3F3F2C1D65FCBA004AFBB3 /* PYPhotosView.m */ = {isa = PBXFileReference; fileEncoding = 4; lastKnownFileType = sourcecode.c.objc; path = PYPhotosView.m; sourceTree = "<group>"; };
		6B3F3F2D1D65FCBA004AFBB3 /* PYPhotoView.h */ = {isa = PBXFileReference; fileEncoding = 4; lastKnownFileType = sourcecode.c.h; path = PYPhotoView.h; sourceTree = "<group>"; };
		6B3F3F2E1D65FCBA004AFBB3 /* PYPhotoView.m */ = {isa = PBXFileReference; fileEncoding = 4; lastKnownFileType = sourcecode.c.objc; path = PYPhotoView.m; sourceTree = "<group>"; };
		6B3F3F3D1D65FCF4004AFBB3 /* PYPhotoBrowser.h */ = {isa = PBXFileReference; fileEncoding = 4; lastKnownFileType = sourcecode.c.h; path = PYPhotoBrowser.h; sourceTree = "<group>"; };
		6B7B2C351D1CD8610012B152 /* PYPublishExampleViewController.h */ = {isa = PBXFileReference; fileEncoding = 4; lastKnownFileType = sourcecode.c.h; path = PYPublishExampleViewController.h; sourceTree = "<group>"; };
		6B7B2C361D1CD8610012B152 /* PYPublishExampleViewController.m */ = {isa = PBXFileReference; fileEncoding = 4; lastKnownFileType = sourcecode.c.objc; path = PYPublishExampleViewController.m; sourceTree = "<group>"; };
		6BA1B4651D4090E30010343C /* Assets.xcassets */ = {isa = PBXFileReference; lastKnownFileType = folder.assetcatalog; path = Assets.xcassets; sourceTree = "<group>"; };
		6BA2826B1D004F20007FE7E8 /* PYPhotosViewExample.app */ = {isa = PBXFileReference; explicitFileType = wrapper.application; includeInIndex = 0; path = PYPhotosViewExample.app; sourceTree = BUILT_PRODUCTS_DIR; };
		6BA2826F1D004F20007FE7E8 /* main.m */ = {isa = PBXFileReference; lastKnownFileType = sourcecode.c.objc; path = main.m; sourceTree = "<group>"; };
		6BA282711D004F20007FE7E8 /* AppDelegate.h */ = {isa = PBXFileReference; lastKnownFileType = sourcecode.c.h; path = AppDelegate.h; sourceTree = "<group>"; };
		6BA282721D004F20007FE7E8 /* AppDelegate.m */ = {isa = PBXFileReference; lastKnownFileType = sourcecode.c.objc; path = AppDelegate.m; sourceTree = "<group>"; };
		6BA282781D004F20007FE7E8 /* Base */ = {isa = PBXFileReference; lastKnownFileType = file.storyboard; name = Base; path = Base.lproj/Main.storyboard; sourceTree = "<group>"; };
		6BA2827D1D004F20007FE7E8 /* Base */ = {isa = PBXFileReference; lastKnownFileType = file.storyboard; name = Base; path = Base.lproj/LaunchScreen.storyboard; sourceTree = "<group>"; };
		6BA2827F1D004F20007FE7E8 /* Info.plist */ = {isa = PBXFileReference; lastKnownFileType = text.plist.xml; path = Info.plist; sourceTree = "<group>"; };
		6BA282841D004F20007FE7E8 /* PYPhotosViewExampleTests.xctest */ = {isa = PBXFileReference; explicitFileType = wrapper.cfbundle; includeInIndex = 0; path = PYPhotosViewExampleTests.xctest; sourceTree = BUILT_PRODUCTS_DIR; };
		6BA282881D004F20007FE7E8 /* PYPhotosViewExampleTests.m */ = {isa = PBXFileReference; lastKnownFileType = sourcecode.c.objc; path = PYPhotosViewExampleTests.m; sourceTree = "<group>"; };
		6BA2828A1D004F20007FE7E8 /* Info.plist */ = {isa = PBXFileReference; lastKnownFileType = text.plist.xml; path = Info.plist; sourceTree = "<group>"; };
		6BA2828F1D004F20007FE7E8 /* PYPhotosViewExampleUITests.xctest */ = {isa = PBXFileReference; explicitFileType = wrapper.cfbundle; includeInIndex = 0; path = PYPhotosViewExampleUITests.xctest; sourceTree = BUILT_PRODUCTS_DIR; };
		6BA282931D004F20007FE7E8 /* PYPhotosViewExampleUITests.m */ = {isa = PBXFileReference; lastKnownFileType = sourcecode.c.objc; path = PYPhotosViewExampleUITests.m; sourceTree = "<group>"; };
		6BA282951D004F20007FE7E8 /* Info.plist */ = {isa = PBXFileReference; lastKnownFileType = text.plist.xml; path = Info.plist; sourceTree = "<group>"; };
		6BA282A11D004F86007FE7E8 /* PYExampleViewController.h */ = {isa = PBXFileReference; fileEncoding = 4; lastKnownFileType = sourcecode.c.h; path = PYExampleViewController.h; sourceTree = "<group>"; };
		6BA282A21D004F86007FE7E8 /* PYExampleViewController.m */ = {isa = PBXFileReference; fileEncoding = 4; lastKnownFileType = sourcecode.c.objc; path = PYExampleViewController.m; sourceTree = "<group>"; };
		6BC54BD71D20314500580646 /* MBProgressHUD.bundle */ = {isa = PBXFileReference; lastKnownFileType = "wrapper.plug-in"; path = MBProgressHUD.bundle; sourceTree = "<group>"; };
		6BC54BD81D20314500580646 /* MBProgressHUD.h */ = {isa = PBXFileReference; fileEncoding = 4; lastKnownFileType = sourcecode.c.h; path = MBProgressHUD.h; sourceTree = "<group>"; };
		6BC54BD91D20314500580646 /* MBProgressHUD.m */ = {isa = PBXFileReference; fileEncoding = 4; lastKnownFileType = sourcecode.c.objc; path = MBProgressHUD.m; sourceTree = "<group>"; };
/* End PBXFileReference section */

/* Begin PBXFrameworksBuildPhase section */
		6BA282681D004F20007FE7E8 /* Frameworks */ = {
			isa = PBXFrameworksBuildPhase;
			buildActionMask = 2147483647;
			files = (
			);
			runOnlyForDeploymentPostprocessing = 0;
		};
		6BA282811D004F20007FE7E8 /* Frameworks */ = {
			isa = PBXFrameworksBuildPhase;
			buildActionMask = 2147483647;
			files = (
			);
			runOnlyForDeploymentPostprocessing = 0;
		};
		6BA2828C1D004F20007FE7E8 /* Frameworks */ = {
			isa = PBXFrameworksBuildPhase;
			buildActionMask = 2147483647;
			files = (
			);
			runOnlyForDeploymentPostprocessing = 0;
		};
/* End PBXFrameworksBuildPhase section */

/* Begin PBXGroup section */
		6B23389A1EAE063200166E38 /* SDWebImage */ = {
			isa = PBXGroup;
			children = (
				6B23389B1EAE063200166E38 /* FLAnimatedImage */,
				6B23389E1EAE063200166E38 /* MKAnnotationView+WebCache.h */,
				6B23389F1EAE063200166E38 /* MKAnnotationView+WebCache.m */,
				6B2338A01EAE063200166E38 /* NSData+ImageContentType.h */,
				6B2338A11EAE063200166E38 /* NSData+ImageContentType.m */,
				6B2338A21EAE063200166E38 /* NSImage+WebCache.h */,
				6B2338A31EAE063200166E38 /* NSImage+WebCache.m */,
				6B2338A41EAE063200166E38 /* SDImageCache.h */,
				6B2338A51EAE063200166E38 /* SDImageCache.m */,
				6B2338A61EAE063200166E38 /* SDImageCacheConfig.h */,
				6B2338A71EAE063200166E38 /* SDImageCacheConfig.m */,
				6B2338A81EAE063200166E38 /* SDWebImageCompat.h */,
				6B2338A91EAE063200166E38 /* SDWebImageCompat.m */,
				6B2338AA1EAE063200166E38 /* SDWebImageDecoder.h */,
				6B2338AB1EAE063200166E38 /* SDWebImageDecoder.m */,
				6B2338AC1EAE063200166E38 /* SDWebImageDownloader.h */,
				6B2338AD1EAE063200166E38 /* SDWebImageDownloader.m */,
				6B2338AE1EAE063200166E38 /* SDWebImageDownloaderOperation.h */,
				6B2338AF1EAE063200166E38 /* SDWebImageDownloaderOperation.m */,
				6B2338B01EAE063200166E38 /* SDWebImageManager.h */,
				6B2338B11EAE063200166E38 /* SDWebImageManager.m */,
				6B2338B21EAE063200166E38 /* SDWebImageOperation.h */,
				6B2338B31EAE063200166E38 /* SDWebImagePrefetcher.h */,
				6B2338B41EAE063200166E38 /* SDWebImagePrefetcher.m */,
				6B2338B51EAE063200166E38 /* UIButton+WebCache.h */,
				6B2338B61EAE063200166E38 /* UIButton+WebCache.m */,
				6B2338B71EAE063200166E38 /* UIImage+GIF.h */,
				6B2338B81EAE063200166E38 /* UIImage+GIF.m */,
				6B2338B91EAE063200166E38 /* UIImage+MultiFormat.h */,
				6B2338BA1EAE063200166E38 /* UIImage+MultiFormat.m */,
				6B2338BB1EAE063200166E38 /* UIImage+WebP.h */,
				6B2338BC1EAE063200166E38 /* UIImage+WebP.m */,
				6B2338BD1EAE063200166E38 /* UIImageView+HighlightedWebCache.h */,
				6B2338BE1EAE063200166E38 /* UIImageView+HighlightedWebCache.m */,
				6B2338BF1EAE063200166E38 /* UIImageView+WebCache.h */,
				6B2338C01EAE063200166E38 /* UIImageView+WebCache.m */,
				6B2338C11EAE063200166E38 /* UIView+WebCache.h */,
				6B2338C21EAE063200166E38 /* UIView+WebCache.m */,
				6B2338C31EAE063200166E38 /* UIView+WebCacheOperation.h */,
				6B2338C41EAE063200166E38 /* UIView+WebCacheOperation.m */,
			);
			path = SDWebImage;
			sourceTree = "<group>";
		};
		6B23389B1EAE063200166E38 /* FLAnimatedImage */ = {
			isa = PBXGroup;
			children = (
				6B23389C1EAE063200166E38 /* FLAnimatedImageView+WebCache.h */,
				6B23389D1EAE063200166E38 /* FLAnimatedImageView+WebCache.m */,
			);
			path = FLAnimatedImage;
			sourceTree = "<group>";
		};
		6B2338D91EAE066D00166E38 /* FLAnimatedImage */ = {
			isa = PBXGroup;
			children = (
				6B2338DA1EAE066D00166E38 /* FLAnimatedImage.h */,
				6B2338DB1EAE066D00166E38 /* FLAnimatedImage.m */,
				6B2338DC1EAE066D00166E38 /* FLAnimatedImageView.h */,
				6B2338DD1EAE066D00166E38 /* FLAnimatedImageView.m */,
			);
			path = FLAnimatedImage;
			sourceTree = "<group>";
		};
		6B3F3EF71D65D86B004AFBB3 /* DACircularProgress */ = {
			isa = PBXGroup;
			children = (
				6B3F3EF81D65D86B004AFBB3 /* DACircularProgressView.h */,
				6B3F3EF91D65D86B004AFBB3 /* DACircularProgressView.m */,
				6B3F3EFA1D65D86B004AFBB3 /* DALabeledCircularProgressView.h */,
				6B3F3EFB1D65D86B004AFBB3 /* DALabeledCircularProgressView.m */,
			);
			path = DACircularProgress;
			sourceTree = "<group>";
		};
		6B3F3F0E1D65FCBA004AFBB3 /* PYPhotoBrowser */ = {
			isa = PBXGroup;
			children = (
				6B3F3F3D1D65FCF4004AFBB3 /* PYPhotoBrowser.h */,
				6B3F3F0F1D65FCBA004AFBB3 /* Category */,
				6B3F3F141D65FCBA004AFBB3 /* Controller */,
				6B3F3F1D1D65FCBA004AFBB3 /* Model */,
				6B3F3F201D65FCBA004AFBB3 /* Other */,
				6B3F3F251D65FCBA004AFBB3 /* PYPhotosView.bundle */,
				6B3F3F261D65FCBA004AFBB3 /* View */,
			);
			name = PYPhotoBrowser;
			path = ../../PYPhotoBrowser;
			sourceTree = "<group>";
		};
		6B3F3F0F1D65FCBA004AFBB3 /* Category */ = {
			isa = PBXGroup;
			children = (
				6B3F3F101D65FCBA004AFBB3 /* MBProgressHUD+PYExtension.h */,
				6B3F3F111D65FCBA004AFBB3 /* MBProgressHUD+PYExtension.m */,
				6B3F3F121D65FCBA004AFBB3 /* UIView+PYExtension.h */,
				6B3F3F131D65FCBA004AFBB3 /* UIView+PYExtension.m */,
			);
			path = Category;
			sourceTree = "<group>";
		};
		6B3F3F141D65FCBA004AFBB3 /* Controller */ = {
			isa = PBXGroup;
			children = (
				6B3F3F151D65FCBA004AFBB3 /* PYPhotosNavigationController.h */,
				6B3F3F161D65FCBA004AFBB3 /* PYPhotosNavigationController.m */,
				6B3F3F171D65FCBA004AFBB3 /* PYPhotosPreviewController.h */,
				6B3F3F181D65FCBA004AFBB3 /* PYPhotosPreviewController.m */,
				6B3F3F191D65FCBA004AFBB3 /* PYPhotosReaderController.h */,
				6B3F3F1A1D65FCBA004AFBB3 /* PYPhotosReaderController.m */,
				6B3F3F1B1D65FCBA004AFBB3 /* PYPhotosViewController.h */,
				6B3F3F1C1D65FCBA004AFBB3 /* PYPhotosViewController.m */,
			);
			path = Controller;
			sourceTree = "<group>";
		};
		6B3F3F1D1D65FCBA004AFBB3 /* Model */ = {
			isa = PBXGroup;
			children = (
				6B3F3F1E1D65FCBA004AFBB3 /* PYPhoto.h */,
				6B3F3F1F1D65FCBA004AFBB3 /* PYPhoto.m */,
			);
			path = Model;
			sourceTree = "<group>";
		};
		6B3F3F201D65FCBA004AFBB3 /* Other */ = {
			isa = PBXGroup;
			children = (
				6B3F3F211D65FCBA004AFBB3 /* PYPhotoBrowserConst.h */,
				6B3F3F221D65FCBA004AFBB3 /* PYPhotoBrowserConst.m */,
				6B3F3F231D65FCBA004AFBB3 /* PYProgressView.h */,
				6B3F3F241D65FCBA004AFBB3 /* PYProgressView.m */,
			);
			path = Other;
			sourceTree = "<group>";
		};
		6B3F3F261D65FCBA004AFBB3 /* View */ = {
			isa = PBXGroup;
			children = (
				6B3F3F271D65FCBA004AFBB3 /* PYPhotoBrowseView.h */,
				6B3F3F281D65FCBA004AFBB3 /* PYPhotoBrowseView.m */,
				6B3F3F291D65FCBA004AFBB3 /* PYPhotoCell.h */,
				6B3F3F2A1D65FCBA004AFBB3 /* PYPhotoCell.m */,
				6B3F3F2B1D65FCBA004AFBB3 /* PYPhotosView.h */,
				6B3F3F2C1D65FCBA004AFBB3 /* PYPhotosView.m */,
				6B3F3F2D1D65FCBA004AFBB3 /* PYPhotoView.h */,
				6B3F3F2E1D65FCBA004AFBB3 /* PYPhotoView.m */,
			);
			path = View;
			sourceTree = "<group>";
		};
		6B7B2BC11D1BFE3E0012B152 /* Lib */ = {
			isa = PBXGroup;
			children = (
				6B2338D91EAE066D00166E38 /* FLAnimatedImage */,
				6B23389A1EAE063200166E38 /* SDWebImage */,
				6B3F3EF71D65D86B004AFBB3 /* DACircularProgress */,
				6BC54BD61D20314500580646 /* MBProgressHUD */,
			);
			path = Lib;
			sourceTree = "<group>";
		};
		6BA282621D004F20007FE7E8 = {
			isa = PBXGroup;
			children = (
				6BA2826D1D004F20007FE7E8 /* PYPhotosViewExample */,
				6BA282871D004F20007FE7E8 /* PYPhotosViewExampleTests */,
				6BA282921D004F20007FE7E8 /* PYPhotosViewExampleUITests */,
				6BA2826C1D004F20007FE7E8 /* Products */,
			);
			sourceTree = "<group>";
		};
		6BA2826C1D004F20007FE7E8 /* Products */ = {
			isa = PBXGroup;
			children = (
				6BA2826B1D004F20007FE7E8 /* PYPhotosViewExample.app */,
				6BA282841D004F20007FE7E8 /* PYPhotosViewExampleTests.xctest */,
				6BA2828F1D004F20007FE7E8 /* PYPhotosViewExampleUITests.xctest */,
			);
			name = Products;
			sourceTree = "<group>";
		};
		6BA2826D1D004F20007FE7E8 /* PYPhotosViewExample */ = {
			isa = PBXGroup;
			children = (
				6B7B2BC11D1BFE3E0012B152 /* Lib */,
				6B3F3F0E1D65FCBA004AFBB3 /* PYPhotoBrowser */,
				6BA282711D004F20007FE7E8 /* AppDelegate.h */,
				6BA282721D004F20007FE7E8 /* AppDelegate.m */,
				6BA282A11D004F86007FE7E8 /* PYExampleViewController.h */,
				6BA282A21D004F86007FE7E8 /* PYExampleViewController.m */,
				6B7B2C351D1CD8610012B152 /* PYPublishExampleViewController.h */,
				6B7B2C361D1CD8610012B152 /* PYPublishExampleViewController.m */,
				6BA2826E1D004F20007FE7E8 /* Supporting Files */,
			);
			path = PYPhotosViewExample;
			sourceTree = "<group>";
		};
		6BA2826E1D004F20007FE7E8 /* Supporting Files */ = {
			isa = PBXGroup;
			children = (
				6BA1B4651D4090E30010343C /* Assets.xcassets */,
				6BA282771D004F20007FE7E8 /* Main.storyboard */,
				6BA2827C1D004F20007FE7E8 /* LaunchScreen.storyboard */,
				6BA2827F1D004F20007FE7E8 /* Info.plist */,
				6BA2826F1D004F20007FE7E8 /* main.m */,
			);
			name = "Supporting Files";
			sourceTree = "<group>";
		};
		6BA282871D004F20007FE7E8 /* PYPhotosViewExampleTests */ = {
			isa = PBXGroup;
			children = (
				6BA282881D004F20007FE7E8 /* PYPhotosViewExampleTests.m */,
				6BA2828A1D004F20007FE7E8 /* Info.plist */,
			);
			path = PYPhotosViewExampleTests;
			sourceTree = "<group>";
		};
		6BA282921D004F20007FE7E8 /* PYPhotosViewExampleUITests */ = {
			isa = PBXGroup;
			children = (
				6BA282931D004F20007FE7E8 /* PYPhotosViewExampleUITests.m */,
				6BA282951D004F20007FE7E8 /* Info.plist */,
			);
			path = PYPhotosViewExampleUITests;
			sourceTree = "<group>";
		};
		6BC54BD61D20314500580646 /* MBProgressHUD */ = {
			isa = PBXGroup;
			children = (
				6BC54BD71D20314500580646 /* MBProgressHUD.bundle */,
				6BC54BD81D20314500580646 /* MBProgressHUD.h */,
				6BC54BD91D20314500580646 /* MBProgressHUD.m */,
			);
			path = MBProgressHUD;
			sourceTree = "<group>";
		};
/* End PBXGroup section */

/* Begin PBXNativeTarget section */
		6BA2826A1D004F20007FE7E8 /* PYPhotosViewExample */ = {
			isa = PBXNativeTarget;
			buildConfigurationList = 6BA282981D004F20007FE7E8 /* Build configuration list for PBXNativeTarget "PYPhotosViewExample" */;
			buildPhases = (
				6BA282671D004F20007FE7E8 /* Sources */,
				6BA282681D004F20007FE7E8 /* Frameworks */,
				6BA282691D004F20007FE7E8 /* Resources */,
			);
			buildRules = (
			);
			dependencies = (
			);
			name = PYPhotosViewExample;
			productName = PYPhotosViewExample;
			productReference = 6BA2826B1D004F20007FE7E8 /* PYPhotosViewExample.app */;
			productType = "com.apple.product-type.application";
		};
		6BA282831D004F20007FE7E8 /* PYPhotosViewExampleTests */ = {
			isa = PBXNativeTarget;
			buildConfigurationList = 6BA2829B1D004F20007FE7E8 /* Build configuration list for PBXNativeTarget "PYPhotosViewExampleTests" */;
			buildPhases = (
				6BA282801D004F20007FE7E8 /* Sources */,
				6BA282811D004F20007FE7E8 /* Frameworks */,
				6BA282821D004F20007FE7E8 /* Resources */,
			);
			buildRules = (
			);
			dependencies = (
				6BA282861D004F20007FE7E8 /* PBXTargetDependency */,
			);
			name = PYPhotosViewExampleTests;
			productName = PYPhotosViewExampleTests;
			productReference = 6BA282841D004F20007FE7E8 /* PYPhotosViewExampleTests.xctest */;
			productType = "com.apple.product-type.bundle.unit-test";
		};
		6BA2828E1D004F20007FE7E8 /* PYPhotosViewExampleUITests */ = {
			isa = PBXNativeTarget;
			buildConfigurationList = 6BA2829E1D004F20007FE7E8 /* Build configuration list for PBXNativeTarget "PYPhotosViewExampleUITests" */;
			buildPhases = (
				6BA2828B1D004F20007FE7E8 /* Sources */,
				6BA2828C1D004F20007FE7E8 /* Frameworks */,
				6BA2828D1D004F20007FE7E8 /* Resources */,
			);
			buildRules = (
			);
			dependencies = (
				6BA282911D004F20007FE7E8 /* PBXTargetDependency */,
			);
			name = PYPhotosViewExampleUITests;
			productName = PYPhotosViewExampleUITests;
			productReference = 6BA2828F1D004F20007FE7E8 /* PYPhotosViewExampleUITests.xctest */;
			productType = "com.apple.product-type.bundle.ui-testing";
		};
/* End PBXNativeTarget section */

/* Begin PBXProject section */
		6BA282631D004F20007FE7E8 /* Project object */ = {
			isa = PBXProject;
			attributes = {
				LastUpgradeCheck = 0900;
				ORGANIZATIONNAME = iphone5solo;
				TargetAttributes = {
					6BA2826A1D004F20007FE7E8 = {
						CreatedOnToolsVersion = 7.3.1;
						DevelopmentTeam = 89G62N93XP;
					};
					6BA282831D004F20007FE7E8 = {
						CreatedOnToolsVersion = 7.3.1;
						TestTargetID = 6BA2826A1D004F20007FE7E8;
					};
					6BA2828E1D004F20007FE7E8 = {
						CreatedOnToolsVersion = 7.3.1;
						TestTargetID = 6BA2826A1D004F20007FE7E8;
					};
				};
			};
			buildConfigurationList = 6BA282661D004F20007FE7E8 /* Build configuration list for PBXProject "PYPhotosViewExample" */;
			compatibilityVersion = "Xcode 3.2";
			developmentRegion = English;
			hasScannedForEncodings = 0;
			knownRegions = (
				en,
				Base,
			);
			mainGroup = 6BA282621D004F20007FE7E8;
			productRefGroup = 6BA2826C1D004F20007FE7E8 /* Products */;
			projectDirPath = "";
			projectRoot = "";
			targets = (
				6BA2826A1D004F20007FE7E8 /* PYPhotosViewExample */,
				6BA282831D004F20007FE7E8 /* PYPhotosViewExampleTests */,
				6BA2828E1D004F20007FE7E8 /* PYPhotosViewExampleUITests */,
			);
		};
/* End PBXProject section */

/* Begin PBXResourcesBuildPhase section */
		6BA282691D004F20007FE7E8 /* Resources */ = {
			isa = PBXResourcesBuildPhase;
			buildActionMask = 2147483647;
			files = (
				6BA2827E1D004F20007FE7E8 /* LaunchScreen.storyboard in Resources */,
				6BC54BDA1D20314500580646 /* MBProgressHUD.bundle in Resources */,
				6B3F3F381D65FCBA004AFBB3 /* PYPhotosView.bundle in Resources */,
				6BA282791D004F20007FE7E8 /* Main.storyboard in Resources */,
				6BA1B4661D4090E30010343C /* Assets.xcassets in Resources */,
			);
			runOnlyForDeploymentPostprocessing = 0;
		};
		6BA282821D004F20007FE7E8 /* Resources */ = {
			isa = PBXResourcesBuildPhase;
			buildActionMask = 2147483647;
			files = (
			);
			runOnlyForDeploymentPostprocessing = 0;
		};
		6BA2828D1D004F20007FE7E8 /* Resources */ = {
			isa = PBXResourcesBuildPhase;
			buildActionMask = 2147483647;
			files = (
			);
			runOnlyForDeploymentPostprocessing = 0;
		};
/* End PBXResourcesBuildPhase section */

/* Begin PBXSourcesBuildPhase section */
		6BA282671D004F20007FE7E8 /* Sources */ = {
			isa = PBXSourcesBuildPhase;
			buildActionMask = 2147483647;
			files = (
				6B2338CC1EAE063200166E38 /* SDWebImageDecoder.m in Sources */,
				6BA282731D004F20007FE7E8 /* AppDelegate.m in Sources */,
				6B2338CF1EAE063200166E38 /* SDWebImageManager.m in Sources */,
				6B2338C61EAE063200166E38 /* MKAnnotationView+WebCache.m in Sources */,
				6B3F3F371D65FCBA004AFBB3 /* PYProgressView.m in Sources */,
				6BC54BDB1D20314500580646 /* MBProgressHUD.m in Sources */,
				6B2338CB1EAE063200166E38 /* SDWebImageCompat.m in Sources */,
				6B2338CE1EAE063200166E38 /* SDWebImageDownloaderOperation.m in Sources */,
				6BA282701D004F20007FE7E8 /* main.m in Sources */,
				6B3F3F2F1D65FCBA004AFBB3 /* MBProgressHUD+PYExtension.m in Sources */,
				6B2338D61EAE063200166E38 /* UIImageView+WebCache.m in Sources */,
				6B2338C51EAE063200166E38 /* FLAnimatedImageView+WebCache.m in Sources */,
				6B2338D81EAE063200166E38 /* UIView+WebCacheOperation.m in Sources */,
				6B3F3F3C1D65FCBA004AFBB3 /* PYPhotoView.m in Sources */,
				6B2338DF1EAE066D00166E38 /* FLAnimatedImage.m in Sources */,
				6B7B2C371D1CD8610012B152 /* PYPublishExampleViewController.m in Sources */,
				6B2338D51EAE063200166E38 /* UIImageView+HighlightedWebCache.m in Sources */,
				6B3F3EFD1D65D86B004AFBB3 /* DALabeledCircularProgressView.m in Sources */,
				6B3F3F361D65FCBA004AFBB3 /* PYPhotoBrowserConst.m in Sources */,
				6B3F3EFC1D65D86B004AFBB3 /* DACircularProgressView.m in Sources */,
				6B2338D21EAE063200166E38 /* UIImage+GIF.m in Sources */,
				6B2338D31EAE063200166E38 /* UIImage+MultiFormat.m in Sources */,
				6B3F3F311D65FCBA004AFBB3 /* PYPhotosNavigationController.m in Sources */,
				6B2338D41EAE063200166E38 /* UIImage+WebP.m in Sources */,
				6B2338D01EAE063200166E38 /* SDWebImagePrefetcher.m in Sources */,
				6B3F3F3A1D65FCBA004AFBB3 /* PYPhotoCell.m in Sources */,
				6B2338C81EAE063200166E38 /* NSImage+WebCache.m in Sources */,
				6B3F3F351D65FCBA004AFBB3 /* PYPhoto.m in Sources */,
				6B3F3F391D65FCBA004AFBB3 /* PYPhotoBrowseView.m in Sources */,
				6B2338C71EAE063200166E38 /* NSData+ImageContentType.m in Sources */,
				6B3F3F331D65FCBA004AFBB3 /* PYPhotosReaderController.m in Sources */,
				6B2338D71EAE063200166E38 /* UIView+WebCache.m in Sources */,
				6B2338CD1EAE063200166E38 /* SDWebImageDownloader.m in Sources */,
				6B2338D11EAE063200166E38 /* UIButton+WebCache.m in Sources */,
				6B3F3F3B1D65FCBA004AFBB3 /* PYPhotosView.m in Sources */,
				6B2338E01EAE066D00166E38 /* FLAnimatedImageView.m in Sources */,
				6BA282A31D004F86007FE7E8 /* PYExampleViewController.m in Sources */,
				6B3F3F321D65FCBA004AFBB3 /* PYPhotosPreviewController.m in Sources */,
				6B3F3F301D65FCBA004AFBB3 /* UIView+PYExtension.m in Sources */,
				6B3F3F341D65FCBA004AFBB3 /* PYPhotosViewController.m in Sources */,
				6B2338C91EAE063200166E38 /* SDImageCache.m in Sources */,
				6B2338CA1EAE063200166E38 /* SDImageCacheConfig.m in Sources */,
			);
			runOnlyForDeploymentPostprocessing = 0;
		};
		6BA282801D004F20007FE7E8 /* Sources */ = {
			isa = PBXSourcesBuildPhase;
			buildActionMask = 2147483647;
			files = (
				6BA282891D004F20007FE7E8 /* PYPhotosViewExampleTests.m in Sources */,
			);
			runOnlyForDeploymentPostprocessing = 0;
		};
		6BA2828B1D004F20007FE7E8 /* Sources */ = {
			isa = PBXSourcesBuildPhase;
			buildActionMask = 2147483647;
			files = (
				6BA282941D004F20007FE7E8 /* PYPhotosViewExampleUITests.m in Sources */,
			);
			runOnlyForDeploymentPostprocessing = 0;
		};
/* End PBXSourcesBuildPhase section */

/* Begin PBXTargetDependency section */
		6BA282861D004F20007FE7E8 /* PBXTargetDependency */ = {
			isa = PBXTargetDependency;
			target = 6BA2826A1D004F20007FE7E8 /* PYPhotosViewExample */;
			targetProxy = 6BA282851D004F20007FE7E8 /* PBXContainerItemProxy */;
		};
		6BA282911D004F20007FE7E8 /* PBXTargetDependency */ = {
			isa = PBXTargetDependency;
			target = 6BA2826A1D004F20007FE7E8 /* PYPhotosViewExample */;
			targetProxy = 6BA282901D004F20007FE7E8 /* PBXContainerItemProxy */;
		};
/* End PBXTargetDependency section */

/* Begin PBXVariantGroup section */
		6BA282771D004F20007FE7E8 /* Main.storyboard */ = {
			isa = PBXVariantGroup;
			children = (
				6BA282781D004F20007FE7E8 /* Base */,
			);
			name = Main.storyboard;
			sourceTree = "<group>";
		};
		6BA2827C1D004F20007FE7E8 /* LaunchScreen.storyboard */ = {
			isa = PBXVariantGroup;
			children = (
				6BA2827D1D004F20007FE7E8 /* Base */,
			);
			name = LaunchScreen.storyboard;
			sourceTree = "<group>";
		};
/* End PBXVariantGroup section */

/* Begin XCBuildConfiguration section */
		6BA282961D004F20007FE7E8 /* Debug */ = {
			isa = XCBuildConfiguration;
			buildSettings = {
				ALWAYS_SEARCH_USER_PATHS = NO;
				CLANG_ANALYZER_NONNULL = YES;
				CLANG_CXX_LANGUAGE_STANDARD = "gnu++0x";
				CLANG_CXX_LIBRARY = "libc++";
				CLANG_ENABLE_MODULES = YES;
				CLANG_ENABLE_OBJC_ARC = YES;
				CLANG_WARN_BLOCK_CAPTURE_AUTORELEASING = YES;
				CLANG_WARN_BOOL_CONVERSION = YES;
				CLANG_WARN_COMMA = YES;
				CLANG_WARN_CONSTANT_CONVERSION = YES;
				CLANG_WARN_DIRECT_OBJC_ISA_USAGE = YES_ERROR;
				CLANG_WARN_EMPTY_BODY = YES;
				CLANG_WARN_ENUM_CONVERSION = YES;
				CLANG_WARN_INFINITE_RECURSION = YES;
				CLANG_WARN_INT_CONVERSION = YES;
				CLANG_WARN_NON_LITERAL_NULL_CONVERSION = YES;
				CLANG_WARN_OBJC_LITERAL_CONVERSION = YES;
				CLANG_WARN_OBJC_ROOT_CLASS = YES_ERROR;
				CLANG_WARN_RANGE_LOOP_ANALYSIS = YES;
				CLANG_WARN_STRICT_PROTOTYPES = YES;
				CLANG_WARN_SUSPICIOUS_MOVE = YES;
				CLANG_WARN_UNREACHABLE_CODE = YES;
				CLANG_WARN__DUPLICATE_METHOD_MATCH = YES;
				"CODE_SIGN_IDENTITY[sdk=iphoneos*]" = "iPhone Developer";
				COPY_PHASE_STRIP = NO;
				DEBUG_INFORMATION_FORMAT = dwarf;
				ENABLE_STRICT_OBJC_MSGSEND = YES;
				ENABLE_TESTABILITY = YES;
				GCC_C_LANGUAGE_STANDARD = gnu99;
				GCC_DYNAMIC_NO_PIC = NO;
				GCC_NO_COMMON_BLOCKS = YES;
				GCC_OPTIMIZATION_LEVEL = 0;
				GCC_PREPROCESSOR_DEFINITIONS = (
					"DEBUG=1",
					"$(inherited)",
				);
				GCC_WARN_64_TO_32_BIT_CONVERSION = YES;
				GCC_WARN_ABOUT_RETURN_TYPE = YES_ERROR;
				GCC_WARN_UNDECLARED_SELECTOR = YES;
				GCC_WARN_UNINITIALIZED_AUTOS = YES_AGGRESSIVE;
				GCC_WARN_UNUSED_FUNCTION = YES;
				GCC_WARN_UNUSED_VARIABLE = YES;
				IPHONEOS_DEPLOYMENT_TARGET = 9.3;
				MTL_ENABLE_DEBUG_INFO = YES;
				ONLY_ACTIVE_ARCH = YES;
				SDKROOT = iphoneos;
			};
			name = Debug;
		};
		6BA282971D004F20007FE7E8 /* Release */ = {
			isa = XCBuildConfiguration;
			buildSettings = {
				ALWAYS_SEARCH_USER_PATHS = NO;
				CLANG_ANALYZER_NONNULL = YES;
				CLANG_CXX_LANGUAGE_STANDARD = "gnu++0x";
				CLANG_CXX_LIBRARY = "libc++";
				CLANG_ENABLE_MODULES = YES;
				CLANG_ENABLE_OBJC_ARC = YES;
				CLANG_WARN_BLOCK_CAPTURE_AUTORELEASING = YES;
				CLANG_WARN_BOOL_CONVERSION = YES;
				CLANG_WARN_COMMA = YES;
				CLANG_WARN_CONSTANT_CONVERSION = YES;
				CLANG_WARN_DIRECT_OBJC_ISA_USAGE = YES_ERROR;
				CLANG_WARN_EMPTY_BODY = YES;
				CLANG_WARN_ENUM_CONVERSION = YES;
				CLANG_WARN_INFINITE_RECURSION = YES;
				CLANG_WARN_INT_CONVERSION = YES;
				CLANG_WARN_NON_LITERAL_NULL_CONVERSION = YES;
				CLANG_WARN_OBJC_LITERAL_CONVERSION = YES;
				CLANG_WARN_OBJC_ROOT_CLASS = YES_ERROR;
				CLANG_WARN_RANGE_LOOP_ANALYSIS = YES;
				CLANG_WARN_STRICT_PROTOTYPES = YES;
				CLANG_WARN_SUSPICIOUS_MOVE = YES;
				CLANG_WARN_UNREACHABLE_CODE = YES;
				CLANG_WARN__DUPLICATE_METHOD_MATCH = YES;
				"CODE_SIGN_IDENTITY[sdk=iphoneos*]" = "iPhone Developer";
				COPY_PHASE_STRIP = NO;
				DEBUG_INFORMATION_FORMAT = "dwarf-with-dsym";
				ENABLE_NS_ASSERTIONS = NO;
				ENABLE_STRICT_OBJC_MSGSEND = YES;
				GCC_C_LANGUAGE_STANDARD = gnu99;
				GCC_NO_COMMON_BLOCKS = YES;
				GCC_WARN_64_TO_32_BIT_CONVERSION = YES;
				GCC_WARN_ABOUT_RETURN_TYPE = YES_ERROR;
				GCC_WARN_UNDECLARED_SELECTOR = YES;
				GCC_WARN_UNINITIALIZED_AUTOS = YES_AGGRESSIVE;
				GCC_WARN_UNUSED_FUNCTION = YES;
				GCC_WARN_UNUSED_VARIABLE = YES;
				IPHONEOS_DEPLOYMENT_TARGET = 9.3;
				MTL_ENABLE_DEBUG_INFO = NO;
				SDKROOT = iphoneos;
				VALIDATE_PRODUCT = YES;
			};
			name = Release;
		};
		6BA282991D004F20007FE7E8 /* Debug */ = {
			isa = XCBuildConfiguration;
			buildSettings = {
				ASSETCATALOG_COMPILER_APPICON_NAME = AppIcon;
				CODE_SIGN_IDENTITY = "iPhone Developer";
				"CODE_SIGN_IDENTITY[sdk=iphoneos*]" = "iPhone Developer";
				DEVELOPMENT_TEAM = 89G62N93XP;
				GCC_C_LANGUAGE_STANDARD = gnu99;
				INFOPLIST_FILE = PYPhotosViewExample/Info.plist;
				IPHONEOS_DEPLOYMENT_TARGET = 8.0;
				LD_RUNPATH_SEARCH_PATHS = "$(inherited) @executable_path/Frameworks";
				PRODUCT_BUNDLE_IDENTIFIER = com.iphone5solo.PYPhotosViewExample;
				PRODUCT_NAME = "$(TARGET_NAME)";
				PROVISIONING_PROFILE = "";
				TARGETED_DEVICE_FAMILY = "1,2";
			};
			name = Debug;
		};
		6BA2829A1D004F20007FE7E8 /* Release */ = {
			isa = XCBuildConfiguration;
			buildSettings = {
				ASSETCATALOG_COMPILER_APPICON_NAME = AppIcon;
				CODE_SIGN_IDENTITY = "iPhone Developer";
				"CODE_SIGN_IDENTITY[sdk=iphoneos*]" = "iPhone Developer";
				DEVELOPMENT_TEAM = 89G62N93XP;
				GCC_C_LANGUAGE_STANDARD = gnu99;
				INFOPLIST_FILE = PYPhotosViewExample/Info.plist;
				IPHONEOS_DEPLOYMENT_TARGET = 8.0;
				LD_RUNPATH_SEARCH_PATHS = "$(inherited) @executable_path/Frameworks";
				PRODUCT_BUNDLE_IDENTIFIER = com.iphone5solo.PYPhotosViewExample;
				PRODUCT_NAME = "$(TARGET_NAME)";
				PROVISIONING_PROFILE = "";
				TARGETED_DEVICE_FAMILY = "1,2";
			};
			name = Release;
		};
		6BA2829C1D004F20007FE7E8 /* Debug */ = {
			isa = XCBuildConfiguration;
			buildSettings = {
				BUNDLE_LOADER = "$(TEST_HOST)";
				INFOPLIST_FILE = PYPhotosViewExampleTests/Info.plist;
				LD_RUNPATH_SEARCH_PATHS = "$(inherited) @executable_path/Frameworks @loader_path/Frameworks";
				PRODUCT_BUNDLE_IDENTIFIER = com.NextStep.PYPhotosViewExampleTests;
				PRODUCT_NAME = "$(TARGET_NAME)";
				TEST_HOST = "$(BUILT_PRODUCTS_DIR)/PYPhotosViewExample.app/PYPhotosViewExample";
			};
			name = Debug;
		};
		6BA2829D1D004F20007FE7E8 /* Release */ = {
			isa = XCBuildConfiguration;
			buildSettings = {
				BUNDLE_LOADER = "$(TEST_HOST)";
				INFOPLIST_FILE = PYPhotosViewExampleTests/Info.plist;
				LD_RUNPATH_SEARCH_PATHS = "$(inherited) @executable_path/Frameworks @loader_path/Frameworks";
				PRODUCT_BUNDLE_IDENTIFIER = com.NextStep.PYPhotosViewExampleTests;
				PRODUCT_NAME = "$(TARGET_NAME)";
				TEST_HOST = "$(BUILT_PRODUCTS_DIR)/PYPhotosViewExample.app/PYPhotosViewExample";
			};
			name = Release;
		};
		6BA2829F1D004F20007FE7E8 /* Debug */ = {
			isa = XCBuildConfiguration;
			buildSettings = {
				INFOPLIST_FILE = PYPhotosViewExampleUITests/Info.plist;
				LD_RUNPATH_SEARCH_PATHS = "$(inherited) @executable_path/Frameworks @loader_path/Frameworks";
				PRODUCT_BUNDLE_IDENTIFIER = com.NextStep.PYPhotosViewExampleUITests;
				PRODUCT_NAME = "$(TARGET_NAME)";
				TEST_TARGET_NAME = PYPhotosViewExample;
			};
			name = Debug;
		};
		6BA282A01D004F20007FE7E8 /* Release */ = {
			isa = XCBuildConfiguration;
			buildSettings = {
				INFOPLIST_FILE = PYPhotosViewExampleUITests/Info.plist;
				LD_RUNPATH_SEARCH_PATHS = "$(inherited) @executable_path/Frameworks @loader_path/Frameworks";
				PRODUCT_BUNDLE_IDENTIFIER = com.NextStep.PYPhotosViewExampleUITests;
				PRODUCT_NAME = "$(TARGET_NAME)";
				TEST_TARGET_NAME = PYPhotosViewExample;
			};
			name = Release;
		};
/* End XCBuildConfiguration section */

/* Begin XCConfigurationList section */
		6BA282661D004F20007FE7E8 /* Build configuration list for PBXProject "PYPhotosViewExample" */ = {
			isa = XCConfigurationList;
			buildConfigurations = (
				6BA282961D004F20007FE7E8 /* Debug */,
				6BA282971D004F20007FE7E8 /* Release */,
			);
			defaultConfigurationIsVisible = 0;
			defaultConfigurationName = Release;
		};
		6BA282981D004F20007FE7E8 /* Build configuration list for PBXNativeTarget "PYPhotosViewExample" */ = {
			isa = XCConfigurationList;
			buildConfigurations = (
				6BA282991D004F20007FE7E8 /* Debug */,
				6BA2829A1D004F20007FE7E8 /* Release */,
			);
			defaultConfigurationIsVisible = 0;
			defaultConfigurationName = Release;
		};
		6BA2829B1D004F20007FE7E8 /* Build configuration list for PBXNativeTarget "PYPhotosViewExampleTests" */ = {
			isa = XCConfigurationList;
			buildConfigurations = (
				6BA2829C1D004F20007FE7E8 /* Debug */,
				6BA2829D1D004F20007FE7E8 /* Release */,
			);
			defaultConfigurationIsVisible = 0;
			defaultConfigurationName = Release;
		};
		6BA2829E1D004F20007FE7E8 /* Build configuration list for PBXNativeTarget "PYPhotosViewExampleUITests" */ = {
			isa = XCConfigurationList;
			buildConfigurations = (
				6BA2829F1D004F20007FE7E8 /* Debug */,
				6BA282A01D004F20007FE7E8 /* Release */,
			);
			defaultConfigurationIsVisible = 0;
			defaultConfigurationName = Release;
		};
/* End XCConfigurationList section */
	};
	rootObject = 6BA282631D004F20007FE7E8 /* Project object */;
}
