// !$*UTF8*$!
{
	archiveVersion = 1;
	classes = {
	};
	objectVersion = 46;
	objects = {

/* Begin PBXBuildFile section */
		6B4904B01D05DA1F00A0A88C /* PYDACircularProgressView.m in Sources */ = {isa = PBXBuildFile; fileRef = 6B4904AD1D05DA1F00A0A88C /* PYDACircularProgressView.m */; };
		6B4904B11D05DA1F00A0A88C /* PYDALabeledCircularProgressView.m in Sources */ = {isa = PBXBuildFile; fileRef = 6B4904AF1D05DA1F00A0A88C /* PYDALabeledCircularProgressView.m */; };
		6B7B2B391D13E1810012B152 /* UIView+PYExtension.m in Sources */ = {isa = PBXBuildFile; fileRef = 6B7B2B381D13E1810012B152 /* UIView+PYExtension.m */; };
		6B7B2B881D1BFC6A0012B152 /* MBProgressHUD+PY.m in Sources */ = {isa = PBXBuildFile; fileRef = 6B7B2B871D1BFC6A0012B152 /* MBProgressHUD+PY.m */; };
		6B7B2BEA1D1C092A0012B152 /* MKAnnotationView+WebCache.m in Sources */ = {isa = PBXBuildFile; fileRef = 6B7B2BC81D1C092A0012B152 /* MKAnnotationView+WebCache.m */; };
		6B7B2BEB1D1C092A0012B152 /* NSData+ImageContentType.m in Sources */ = {isa = PBXBuildFile; fileRef = 6B7B2BCA1D1C092A0012B152 /* NSData+ImageContentType.m */; };
		6B7B2BEC1D1C092A0012B152 /* SDImageCache.m in Sources */ = {isa = PBXBuildFile; fileRef = 6B7B2BCC1D1C092A0012B152 /* SDImageCache.m */; };
		6B7B2BED1D1C092A0012B152 /* SDWebImageCompat.m in Sources */ = {isa = PBXBuildFile; fileRef = 6B7B2BCE1D1C092A0012B152 /* SDWebImageCompat.m */; };
		6B7B2BEE1D1C092A0012B152 /* SDWebImageDecoder.m in Sources */ = {isa = PBXBuildFile; fileRef = 6B7B2BD01D1C092A0012B152 /* SDWebImageDecoder.m */; };
		6B7B2BEF1D1C092A0012B152 /* SDWebImageDownloader.m in Sources */ = {isa = PBXBuildFile; fileRef = 6B7B2BD21D1C092A0012B152 /* SDWebImageDownloader.m */; };
		6B7B2BF01D1C092A0012B152 /* SDWebImageDownloaderOperation.m in Sources */ = {isa = PBXBuildFile; fileRef = 6B7B2BD41D1C092A0012B152 /* SDWebImageDownloaderOperation.m */; };
		6B7B2BF11D1C092A0012B152 /* SDWebImageManager.m in Sources */ = {isa = PBXBuildFile; fileRef = 6B7B2BD61D1C092A0012B152 /* SDWebImageManager.m */; };
		6B7B2BF21D1C092A0012B152 /* SDWebImagePrefetcher.m in Sources */ = {isa = PBXBuildFile; fileRef = 6B7B2BD91D1C092A0012B152 /* SDWebImagePrefetcher.m */; };
		6B7B2BF31D1C092A0012B152 /* UIButton+WebCache.m in Sources */ = {isa = PBXBuildFile; fileRef = 6B7B2BDB1D1C092A0012B152 /* UIButton+WebCache.m */; };
		6B7B2BF41D1C092A0012B152 /* UIImage+GIF.m in Sources */ = {isa = PBXBuildFile; fileRef = 6B7B2BDD1D1C092A0012B152 /* UIImage+GIF.m */; };
		6B7B2BF51D1C092A0012B152 /* UIImage+MultiFormat.m in Sources */ = {isa = PBXBuildFile; fileRef = 6B7B2BDF1D1C092A0012B152 /* UIImage+MultiFormat.m */; };
		6B7B2BF61D1C092A0012B152 /* UIImage+WebP.m in Sources */ = {isa = PBXBuildFile; fileRef = 6B7B2BE11D1C092A0012B152 /* UIImage+WebP.m */; };
		6B7B2BF71D1C092A0012B152 /* UIImageView+HighlightedWebCache.m in Sources */ = {isa = PBXBuildFile; fileRef = 6B7B2BE31D1C092A0012B152 /* UIImageView+HighlightedWebCache.m */; };
		6B7B2BF81D1C092A0012B152 /* UIImageView+WebCache.m in Sources */ = {isa = PBXBuildFile; fileRef = 6B7B2BE51D1C092A0012B152 /* UIImageView+WebCache.m */; };
		6B7B2BF91D1C092A0012B152 /* UIView+WebCacheOperation.m in Sources */ = {isa = PBXBuildFile; fileRef = 6B7B2BE71D1C092A0012B152 /* UIView+WebCacheOperation.m */; };
		6B7B2C371D1CD8610012B152 /* PYPublishExampleViewController.m in Sources */ = {isa = PBXBuildFile; fileRef = 6B7B2C361D1CD8610012B152 /* PYPublishExampleViewController.m */; };
		6B7B2C3A1D1D22DA0012B152 /* PYNavigationController.m in Sources */ = {isa = PBXBuildFile; fileRef = 6B7B2C391D1D22DA0012B152 /* PYNavigationController.m */; };
		6BA1B15B1D278C9B0010343C /* PYMoviePlayerView.m in Sources */ = {isa = PBXBuildFile; fileRef = 6BA1B1591D278C9B0010343C /* PYMoviePlayerView.m */; };
		6BA1B15C1D278C9B0010343C /* PYMoviePlayerView.xib in Resources */ = {isa = PBXBuildFile; fileRef = 6BA1B15A1D278C9B0010343C /* PYMoviePlayerView.xib */; };
		6BA1B1621D278D2F0010343C /* PYMoviePlayerController.m in Sources */ = {isa = PBXBuildFile; fileRef = 6BA1B1611D278D2F0010343C /* PYMoviePlayerController.m */; };
		6BA1B2851D2A24530010343C /* ASIAuthenticationDialog.m in Sources */ = {isa = PBXBuildFile; fileRef = 6BA1B23E1D2A24530010343C /* ASIAuthenticationDialog.m */; settings = {COMPILER_FLAGS = "-fno-objc-arc"; }; };
		6BA1B2861D2A24530010343C /* ASIDataCompressor.m in Sources */ = {isa = PBXBuildFile; fileRef = 6BA1B2411D2A24530010343C /* ASIDataCompressor.m */; settings = {COMPILER_FLAGS = "-fno-objc-arc"; }; };
		6BA1B2871D2A24530010343C /* ASIDataDecompressor.m in Sources */ = {isa = PBXBuildFile; fileRef = 6BA1B2431D2A24530010343C /* ASIDataDecompressor.m */; settings = {COMPILER_FLAGS = "-fno-objc-arc"; }; };
		6BA1B2881D2A24530010343C /* ASIDownloadCache.m in Sources */ = {isa = PBXBuildFile; fileRef = 6BA1B2451D2A24530010343C /* ASIDownloadCache.m */; settings = {COMPILER_FLAGS = "-fno-objc-arc"; }; };
		6BA1B2891D2A24530010343C /* ASIFormDataRequest.m in Sources */ = {isa = PBXBuildFile; fileRef = 6BA1B2471D2A24530010343C /* ASIFormDataRequest.m */; settings = {COMPILER_FLAGS = "-fno-objc-arc"; }; };
		6BA1B28A1D2A24530010343C /* ASIHTTPRequest.m in Sources */ = {isa = PBXBuildFile; fileRef = 6BA1B2491D2A24530010343C /* ASIHTTPRequest.m */; settings = {COMPILER_FLAGS = "-fno-objc-arc"; }; };
		6BA1B28B1D2A24530010343C /* ASIInputStream.m in Sources */ = {isa = PBXBuildFile; fileRef = 6BA1B24D1D2A24530010343C /* ASIInputStream.m */; settings = {COMPILER_FLAGS = "-fno-objc-arc"; }; };
		6BA1B28C1D2A24530010343C /* ASINetworkQueue.m in Sources */ = {isa = PBXBuildFile; fileRef = 6BA1B24F1D2A24530010343C /* ASINetworkQueue.m */; settings = {COMPILER_FLAGS = "-fno-objc-arc"; }; };
		6BA1B28D1D2A24530010343C /* SEAOperationQueue.m in Sources */ = {isa = PBXBuildFile; fileRef = 6BA1B2521D2A24530010343C /* SEAOperationQueue.m */; settings = {COMPILER_FLAGS = "-fno-objc-arc"; }; };
		6BA1B28E1D2A24530010343C /* ContextFilterLogFormatter.m in Sources */ = {isa = PBXBuildFile; fileRef = 6BA1B2551D2A24530010343C /* ContextFilterLogFormatter.m */; };
		6BA1B28F1D2A24530010343C /* DDAbstractDatabaseLogger.m in Sources */ = {isa = PBXBuildFile; fileRef = 6BA1B2571D2A24530010343C /* DDAbstractDatabaseLogger.m */; };
		6BA1B2901D2A24530010343C /* DDASLLogger.m in Sources */ = {isa = PBXBuildFile; fileRef = 6BA1B2591D2A24530010343C /* DDASLLogger.m */; };
		6BA1B2911D2A24530010343C /* DDData.m in Sources */ = {isa = PBXBuildFile; fileRef = 6BA1B25B1D2A24530010343C /* DDData.m */; };
		6BA1B2921D2A24530010343C /* DDFileLogger.m in Sources */ = {isa = PBXBuildFile; fileRef = 6BA1B25D1D2A24530010343C /* DDFileLogger.m */; };
		6BA1B2931D2A24530010343C /* DDLog.m in Sources */ = {isa = PBXBuildFile; fileRef = 6BA1B25F1D2A24530010343C /* DDLog.m */; };
		6BA1B2941D2A24530010343C /* DDNumber.m in Sources */ = {isa = PBXBuildFile; fileRef = 6BA1B2611D2A24530010343C /* DDNumber.m */; };
		6BA1B2951D2A24530010343C /* DDRange.m in Sources */ = {isa = PBXBuildFile; fileRef = 6BA1B2631D2A24530010343C /* DDRange.m */; };
		6BA1B2961D2A24530010343C /* DDTTYLogger.m in Sources */ = {isa = PBXBuildFile; fileRef = 6BA1B2651D2A24530010343C /* DDTTYLogger.m */; };
		6BA1B2971D2A24530010343C /* DispatchQueueLogFormatter.m in Sources */ = {isa = PBXBuildFile; fileRef = 6BA1B2671D2A24530010343C /* DispatchQueueLogFormatter.m */; };
		6BA1B2981D2A24530010343C /* GCDAsyncSocket.m in Sources */ = {isa = PBXBuildFile; fileRef = 6BA1B2691D2A24530010343C /* GCDAsyncSocket.m */; };
		6BA1B2991D2A24530010343C /* HTTPAsyncFileResponse.m in Sources */ = {isa = PBXBuildFile; fileRef = 6BA1B26B1D2A24530010343C /* HTTPAsyncFileResponse.m */; };
		6BA1B29A1D2A24530010343C /* HTTPAuthenticationRequest.m in Sources */ = {isa = PBXBuildFile; fileRef = 6BA1B26D1D2A24530010343C /* HTTPAuthenticationRequest.m */; };
		6BA1B29B1D2A24530010343C /* HTTPConnection.m in Sources */ = {isa = PBXBuildFile; fileRef = 6BA1B26F1D2A24530010343C /* HTTPConnection.m */; };
		6BA1B29C1D2A24530010343C /* HTTPDataResponse.m in Sources */ = {isa = PBXBuildFile; fileRef = 6BA1B2711D2A24530010343C /* HTTPDataResponse.m */; };
		6BA1B29D1D2A24530010343C /* HTTPDynamicFileResponse.m in Sources */ = {isa = PBXBuildFile; fileRef = 6BA1B2731D2A24530010343C /* HTTPDynamicFileResponse.m */; };
		6BA1B29E1D2A24530010343C /* HTTPErrorResponse.m in Sources */ = {isa = PBXBuildFile; fileRef = 6BA1B2751D2A24530010343C /* HTTPErrorResponse.m */; };
		6BA1B29F1D2A24530010343C /* HTTPFileResponse.m in Sources */ = {isa = PBXBuildFile; fileRef = 6BA1B2771D2A24530010343C /* HTTPFileResponse.m */; };
		6BA1B2A01D2A24530010343C /* HTTPMessage.m in Sources */ = {isa = PBXBuildFile; fileRef = 6BA1B27A1D2A24530010343C /* HTTPMessage.m */; };
		6BA1B2A11D2A24530010343C /* HTTPRedirectResponse.m in Sources */ = {isa = PBXBuildFile; fileRef = 6BA1B27C1D2A24530010343C /* HTTPRedirectResponse.m */; };
		6BA1B2A21D2A24530010343C /* HTTPServer.m in Sources */ = {isa = PBXBuildFile; fileRef = 6BA1B27F1D2A24530010343C /* HTTPServer.m */; settings = {COMPILER_FLAGS = "-fno-objc-arc"; }; };
		6BA1B2A31D2A24530010343C /* WebSocket.m in Sources */ = {isa = PBXBuildFile; fileRef = 6BA1B2811D2A24530010343C /* WebSocket.m */; };
		6BA1B2A41D2A24530010343C /* Reachability.m in Sources */ = {isa = PBXBuildFile; fileRef = 6BA1B2841D2A24530010343C /* Reachability.m */; settings = {COMPILER_FLAGS = "-fno-objc-arc"; }; };
		6BA1B2A61D2A25340010343C /* libz.tbd in Frameworks */ = {isa = PBXBuildFile; fileRef = 6BA1B2A51D2A25340010343C /* libz.tbd */; };
		6BA1B2CF1D34B0D30010343C /* PYMovie.m in Sources */ = {isa = PBXBuildFile; fileRef = 6BA1B2CE1D34B0D30010343C /* PYMovie.m */; };
		6BA282701D004F20007FE7E8 /* main.m in Sources */ = {isa = PBXBuildFile; fileRef = 6BA2826F1D004F20007FE7E8 /* main.m */; };
		6BA282731D004F20007FE7E8 /* AppDelegate.m in Sources */ = {isa = PBXBuildFile; fileRef = 6BA282721D004F20007FE7E8 /* AppDelegate.m */; };
		6BA282791D004F20007FE7E8 /* Main.storyboard in Resources */ = {isa = PBXBuildFile; fileRef = 6BA282771D004F20007FE7E8 /* Main.storyboard */; };
		6BA2827B1D004F20007FE7E8 /* Assets.xcassets in Resources */ = {isa = PBXBuildFile; fileRef = 6BA2827A1D004F20007FE7E8 /* Assets.xcassets */; };
		6BA2827E1D004F20007FE7E8 /* LaunchScreen.storyboard in Resources */ = {isa = PBXBuildFile; fileRef = 6BA2827C1D004F20007FE7E8 /* LaunchScreen.storyboard */; };
		6BA282891D004F20007FE7E8 /* PYPhotosViewExampleTests.m in Sources */ = {isa = PBXBuildFile; fileRef = 6BA282881D004F20007FE7E8 /* PYPhotosViewExampleTests.m */; };
		6BA282941D004F20007FE7E8 /* PYPhotosViewExampleUITests.m in Sources */ = {isa = PBXBuildFile; fileRef = 6BA282931D004F20007FE7E8 /* PYPhotosViewExampleUITests.m */; };
		6BA282A31D004F86007FE7E8 /* PYExampleViewController.m in Sources */ = {isa = PBXBuildFile; fileRef = 6BA282A21D004F86007FE7E8 /* PYExampleViewController.m */; };
		6BA282F01D004FB3007FE7E8 /* PYPhotosPreviewController.m in Sources */ = {isa = PBXBuildFile; fileRef = 6BA282AE1D004FB3007FE7E8 /* PYPhotosPreviewController.m */; };
		6BA282F11D004FB3007FE7E8 /* PYPhotosReaderController.m in Sources */ = {isa = PBXBuildFile; fileRef = 6BA282B01D004FB3007FE7E8 /* PYPhotosReaderController.m */; };
		6BA282F21D004FB3007FE7E8 /* PYPhotosViewController.m in Sources */ = {isa = PBXBuildFile; fileRef = 6BA282B21D004FB3007FE7E8 /* PYPhotosViewController.m */; };
		6BA283071D004FB3007FE7E8 /* PYPhoto.m in Sources */ = {isa = PBXBuildFile; fileRef = 6BA282E11D004FB3007FE7E8 /* PYPhoto.m */; };
		6BA283081D004FB3007FE7E8 /* PYPhotoCell.m in Sources */ = {isa = PBXBuildFile; fileRef = 6BA282E31D004FB3007FE7E8 /* PYPhotoCell.m */; };
		6BA283091D004FB3007FE7E8 /* PYConst.m in Sources */ = {isa = PBXBuildFile; fileRef = 6BA282E61D004FB3007FE7E8 /* PYConst.m */; };
		6BA2830A1D004FB3007FE7E8 /* PYPhotosView.bundle in Resources */ = {isa = PBXBuildFile; fileRef = 6BA282E71D004FB3007FE7E8 /* PYPhotosView.bundle */; };
		6BA2830B1D004FB3007FE7E8 /* PYPhotosView.m in Sources */ = {isa = PBXBuildFile; fileRef = 6BA282EA1D004FB3007FE7E8 /* PYPhotosView.m */; };
		6BA2830C1D004FB3007FE7E8 /* PYPhotoView.m in Sources */ = {isa = PBXBuildFile; fileRef = 6BA282EC1D004FB3007FE7E8 /* PYPhotoView.m */; };
		6BC54BDA1D20314500580646 /* MBProgressHUD.bundle in Resources */ = {isa = PBXBuildFile; fileRef = 6BC54BD71D20314500580646 /* MBProgressHUD.bundle */; };
		6BC54BDB1D20314500580646 /* MBProgressHUD.m in Sources */ = {isa = PBXBuildFile; fileRef = 6BC54BD91D20314500580646 /* MBProgressHUD.m */; };
/* End PBXBuildFile section */

/* Begin PBXContainerItemProxy section */
		6BA282851D004F20007FE7E8 /* PBXContainerItemProxy */ = {
			isa = PBXContainerItemProxy;
			containerPortal = 6BA282631D004F20007FE7E8 /* Project object */;
			proxyType = 1;
			remoteGlobalIDString = 6BA2826A1D004F20007FE7E8;
			remoteInfo = PYPhotosViewExample;
		};
		6BA282901D004F20007FE7E8 /* PBXContainerItemProxy */ = {
			isa = PBXContainerItemProxy;
			containerPortal = 6BA282631D004F20007FE7E8 /* Project object */;
			proxyType = 1;
			remoteGlobalIDString = 6BA2826A1D004F20007FE7E8;
			remoteInfo = PYPhotosViewExample;
		};
/* End PBXContainerItemProxy section */

/* Begin PBXFileReference section */
		6B4904AC1D05DA1F00A0A88C /* PYDACircularProgressView.h */ = {isa = PBXFileReference; fileEncoding = 4; lastKnownFileType = sourcecode.c.h; path = PYDACircularProgressView.h; sourceTree = "<group>"; };
		6B4904AD1D05DA1F00A0A88C /* PYDACircularProgressView.m */ = {isa = PBXFileReference; fileEncoding = 4; lastKnownFileType = sourcecode.c.objc; path = PYDACircularProgressView.m; sourceTree = "<group>"; };
		6B4904AE1D05DA1F00A0A88C /* PYDALabeledCircularProgressView.h */ = {isa = PBXFileReference; fileEncoding = 4; lastKnownFileType = sourcecode.c.h; path = PYDALabeledCircularProgressView.h; sourceTree = "<group>"; };
		6B4904AF1D05DA1F00A0A88C /* PYDALabeledCircularProgressView.m */ = {isa = PBXFileReference; fileEncoding = 4; lastKnownFileType = sourcecode.c.objc; path = PYDALabeledCircularProgressView.m; sourceTree = "<group>"; };
		6B7B2B371D13E1810012B152 /* UIView+PYExtension.h */ = {isa = PBXFileReference; fileEncoding = 4; lastKnownFileType = sourcecode.c.h; path = "UIView+PYExtension.h"; sourceTree = "<group>"; };
		6B7B2B381D13E1810012B152 /* UIView+PYExtension.m */ = {isa = PBXFileReference; fileEncoding = 4; lastKnownFileType = sourcecode.c.objc; path = "UIView+PYExtension.m"; sourceTree = "<group>"; };
		6B7B2B861D1BFC6A0012B152 /* MBProgressHUD+PY.h */ = {isa = PBXFileReference; fileEncoding = 4; lastKnownFileType = sourcecode.c.h; path = "MBProgressHUD+PY.h"; sourceTree = "<group>"; };
		6B7B2B871D1BFC6A0012B152 /* MBProgressHUD+PY.m */ = {isa = PBXFileReference; fileEncoding = 4; lastKnownFileType = sourcecode.c.objc; path = "MBProgressHUD+PY.m"; sourceTree = "<group>"; };
		6B7B2BC71D1C092A0012B152 /* MKAnnotationView+WebCache.h */ = {isa = PBXFileReference; fileEncoding = 4; lastKnownFileType = sourcecode.c.h; path = "MKAnnotationView+WebCache.h"; sourceTree = "<group>"; };
		6B7B2BC81D1C092A0012B152 /* MKAnnotationView+WebCache.m */ = {isa = PBXFileReference; fileEncoding = 4; lastKnownFileType = sourcecode.c.objc; path = "MKAnnotationView+WebCache.m"; sourceTree = "<group>"; };
		6B7B2BC91D1C092A0012B152 /* NSData+ImageContentType.h */ = {isa = PBXFileReference; fileEncoding = 4; lastKnownFileType = sourcecode.c.h; path = "NSData+ImageContentType.h"; sourceTree = "<group>"; };
		6B7B2BCA1D1C092A0012B152 /* NSData+ImageContentType.m */ = {isa = PBXFileReference; fileEncoding = 4; lastKnownFileType = sourcecode.c.objc; path = "NSData+ImageContentType.m"; sourceTree = "<group>"; };
		6B7B2BCB1D1C092A0012B152 /* SDImageCache.h */ = {isa = PBXFileReference; fileEncoding = 4; lastKnownFileType = sourcecode.c.h; path = SDImageCache.h; sourceTree = "<group>"; };
		6B7B2BCC1D1C092A0012B152 /* SDImageCache.m */ = {isa = PBXFileReference; fileEncoding = 4; lastKnownFileType = sourcecode.c.objc; path = SDImageCache.m; sourceTree = "<group>"; };
		6B7B2BCD1D1C092A0012B152 /* SDWebImageCompat.h */ = {isa = PBXFileReference; fileEncoding = 4; lastKnownFileType = sourcecode.c.h; path = SDWebImageCompat.h; sourceTree = "<group>"; };
		6B7B2BCE1D1C092A0012B152 /* SDWebImageCompat.m */ = {isa = PBXFileReference; fileEncoding = 4; lastKnownFileType = sourcecode.c.objc; path = SDWebImageCompat.m; sourceTree = "<group>"; };
		6B7B2BCF1D1C092A0012B152 /* SDWebImageDecoder.h */ = {isa = PBXFileReference; fileEncoding = 4; lastKnownFileType = sourcecode.c.h; path = SDWebImageDecoder.h; sourceTree = "<group>"; };
		6B7B2BD01D1C092A0012B152 /* SDWebImageDecoder.m */ = {isa = PBXFileReference; fileEncoding = 4; lastKnownFileType = sourcecode.c.objc; path = SDWebImageDecoder.m; sourceTree = "<group>"; };
		6B7B2BD11D1C092A0012B152 /* SDWebImageDownloader.h */ = {isa = PBXFileReference; fileEncoding = 4; lastKnownFileType = sourcecode.c.h; path = SDWebImageDownloader.h; sourceTree = "<group>"; };
		6B7B2BD21D1C092A0012B152 /* SDWebImageDownloader.m */ = {isa = PBXFileReference; fileEncoding = 4; lastKnownFileType = sourcecode.c.objc; path = SDWebImageDownloader.m; sourceTree = "<group>"; };
		6B7B2BD31D1C092A0012B152 /* SDWebImageDownloaderOperation.h */ = {isa = PBXFileReference; fileEncoding = 4; lastKnownFileType = sourcecode.c.h; path = SDWebImageDownloaderOperation.h; sourceTree = "<group>"; };
		6B7B2BD41D1C092A0012B152 /* SDWebImageDownloaderOperation.m */ = {isa = PBXFileReference; fileEncoding = 4; lastKnownFileType = sourcecode.c.objc; path = SDWebImageDownloaderOperation.m; sourceTree = "<group>"; };
		6B7B2BD51D1C092A0012B152 /* SDWebImageManager.h */ = {isa = PBXFileReference; fileEncoding = 4; lastKnownFileType = sourcecode.c.h; path = SDWebImageManager.h; sourceTree = "<group>"; };
		6B7B2BD61D1C092A0012B152 /* SDWebImageManager.m */ = {isa = PBXFileReference; fileEncoding = 4; lastKnownFileType = sourcecode.c.objc; path = SDWebImageManager.m; sourceTree = "<group>"; };
		6B7B2BD71D1C092A0012B152 /* SDWebImageOperation.h */ = {isa = PBXFileReference; fileEncoding = 4; lastKnownFileType = sourcecode.c.h; path = SDWebImageOperation.h; sourceTree = "<group>"; };
		6B7B2BD81D1C092A0012B152 /* SDWebImagePrefetcher.h */ = {isa = PBXFileReference; fileEncoding = 4; lastKnownFileType = sourcecode.c.h; path = SDWebImagePrefetcher.h; sourceTree = "<group>"; };
		6B7B2BD91D1C092A0012B152 /* SDWebImagePrefetcher.m */ = {isa = PBXFileReference; fileEncoding = 4; lastKnownFileType = sourcecode.c.objc; path = SDWebImagePrefetcher.m; sourceTree = "<group>"; };
		6B7B2BDA1D1C092A0012B152 /* UIButton+WebCache.h */ = {isa = PBXFileReference; fileEncoding = 4; lastKnownFileType = sourcecode.c.h; path = "UIButton+WebCache.h"; sourceTree = "<group>"; };
		6B7B2BDB1D1C092A0012B152 /* UIButton+WebCache.m */ = {isa = PBXFileReference; fileEncoding = 4; lastKnownFileType = sourcecode.c.objc; path = "UIButton+WebCache.m"; sourceTree = "<group>"; };
		6B7B2BDC1D1C092A0012B152 /* UIImage+GIF.h */ = {isa = PBXFileReference; fileEncoding = 4; lastKnownFileType = sourcecode.c.h; path = "UIImage+GIF.h"; sourceTree = "<group>"; };
		6B7B2BDD1D1C092A0012B152 /* UIImage+GIF.m */ = {isa = PBXFileReference; fileEncoding = 4; lastKnownFileType = sourcecode.c.objc; path = "UIImage+GIF.m"; sourceTree = "<group>"; };
		6B7B2BDE1D1C092A0012B152 /* UIImage+MultiFormat.h */ = {isa = PBXFileReference; fileEncoding = 4; lastKnownFileType = sourcecode.c.h; path = "UIImage+MultiFormat.h"; sourceTree = "<group>"; };
		6B7B2BDF1D1C092A0012B152 /* UIImage+MultiFormat.m */ = {isa = PBXFileReference; fileEncoding = 4; lastKnownFileType = sourcecode.c.objc; path = "UIImage+MultiFormat.m"; sourceTree = "<group>"; };
		6B7B2BE01D1C092A0012B152 /* UIImage+WebP.h */ = {isa = PBXFileReference; fileEncoding = 4; lastKnownFileType = sourcecode.c.h; path = "UIImage+WebP.h"; sourceTree = "<group>"; };
		6B7B2BE11D1C092A0012B152 /* UIImage+WebP.m */ = {isa = PBXFileReference; fileEncoding = 4; lastKnownFileType = sourcecode.c.objc; path = "UIImage+WebP.m"; sourceTree = "<group>"; };
		6B7B2BE21D1C092A0012B152 /* UIImageView+HighlightedWebCache.h */ = {isa = PBXFileReference; fileEncoding = 4; lastKnownFileType = sourcecode.c.h; path = "UIImageView+HighlightedWebCache.h"; sourceTree = "<group>"; };
		6B7B2BE31D1C092A0012B152 /* UIImageView+HighlightedWebCache.m */ = {isa = PBXFileReference; fileEncoding = 4; lastKnownFileType = sourcecode.c.objc; path = "UIImageView+HighlightedWebCache.m"; sourceTree = "<group>"; };
		6B7B2BE41D1C092A0012B152 /* UIImageView+WebCache.h */ = {isa = PBXFileReference; fileEncoding = 4; lastKnownFileType = sourcecode.c.h; path = "UIImageView+WebCache.h"; sourceTree = "<group>"; };
		6B7B2BE51D1C092A0012B152 /* UIImageView+WebCache.m */ = {isa = PBXFileReference; fileEncoding = 4; lastKnownFileType = sourcecode.c.objc; path = "UIImageView+WebCache.m"; sourceTree = "<group>"; };
		6B7B2BE61D1C092A0012B152 /* UIView+WebCacheOperation.h */ = {isa = PBXFileReference; fileEncoding = 4; lastKnownFileType = sourcecode.c.h; path = "UIView+WebCacheOperation.h"; sourceTree = "<group>"; };
		6B7B2BE71D1C092A0012B152 /* UIView+WebCacheOperation.m */ = {isa = PBXFileReference; fileEncoding = 4; lastKnownFileType = sourcecode.c.objc; path = "UIView+WebCacheOperation.m"; sourceTree = "<group>"; };
		6B7B2C351D1CD8610012B152 /* PYPublishExampleViewController.h */ = {isa = PBXFileReference; fileEncoding = 4; lastKnownFileType = sourcecode.c.h; path = PYPublishExampleViewController.h; sourceTree = "<group>"; };
		6B7B2C361D1CD8610012B152 /* PYPublishExampleViewController.m */ = {isa = PBXFileReference; fileEncoding = 4; lastKnownFileType = sourcecode.c.objc; path = PYPublishExampleViewController.m; sourceTree = "<group>"; };
		6B7B2C381D1D22DA0012B152 /* PYNavigationController.h */ = {isa = PBXFileReference; fileEncoding = 4; lastKnownFileType = sourcecode.c.h; path = PYNavigationController.h; sourceTree = "<group>"; };
		6B7B2C391D1D22DA0012B152 /* PYNavigationController.m */ = {isa = PBXFileReference; fileEncoding = 4; lastKnownFileType = sourcecode.c.objc; path = PYNavigationController.m; sourceTree = "<group>"; };
		6BA1B1581D278C9B0010343C /* PYMoviePlayerView.h */ = {isa = PBXFileReference; fileEncoding = 4; lastKnownFileType = sourcecode.c.h; path = PYMoviePlayerView.h; sourceTree = "<group>"; };
		6BA1B1591D278C9B0010343C /* PYMoviePlayerView.m */ = {isa = PBXFileReference; fileEncoding = 4; lastKnownFileType = sourcecode.c.objc; path = PYMoviePlayerView.m; sourceTree = "<group>"; };
		6BA1B15A1D278C9B0010343C /* PYMoviePlayerView.xib */ = {isa = PBXFileReference; fileEncoding = 4; lastKnownFileType = file.xib; path = PYMoviePlayerView.xib; sourceTree = "<group>"; };
		6BA1B1601D278D2F0010343C /* PYMoviePlayerController.h */ = {isa = PBXFileReference; fileEncoding = 4; lastKnownFileType = sourcecode.c.h; path = PYMoviePlayerController.h; sourceTree = "<group>"; };
		6BA1B1611D278D2F0010343C /* PYMoviePlayerController.m */ = {isa = PBXFileReference; fileEncoding = 4; lastKnownFileType = sourcecode.c.objc; path = PYMoviePlayerController.m; sourceTree = "<group>"; };
		6BA1B23D1D2A24530010343C /* ASIAuthenticationDialog.h */ = {isa = PBXFileReference; fileEncoding = 4; lastKnownFileType = sourcecode.c.h; path = ASIAuthenticationDialog.h; sourceTree = "<group>"; };
		6BA1B23E1D2A24530010343C /* ASIAuthenticationDialog.m */ = {isa = PBXFileReference; fileEncoding = 4; lastKnownFileType = sourcecode.c.objc; path = ASIAuthenticationDialog.m; sourceTree = "<group>"; };
		6BA1B23F1D2A24530010343C /* ASICacheDelegate.h */ = {isa = PBXFileReference; fileEncoding = 4; lastKnownFileType = sourcecode.c.h; path = ASICacheDelegate.h; sourceTree = "<group>"; };
		6BA1B2401D2A24530010343C /* ASIDataCompressor.h */ = {isa = PBXFileReference; fileEncoding = 4; lastKnownFileType = sourcecode.c.h; path = ASIDataCompressor.h; sourceTree = "<group>"; };
		6BA1B2411D2A24530010343C /* ASIDataCompressor.m */ = {isa = PBXFileReference; fileEncoding = 4; lastKnownFileType = sourcecode.c.objc; path = ASIDataCompressor.m; sourceTree = "<group>"; };
		6BA1B2421D2A24530010343C /* ASIDataDecompressor.h */ = {isa = PBXFileReference; fileEncoding = 4; lastKnownFileType = sourcecode.c.h; path = ASIDataDecompressor.h; sourceTree = "<group>"; };
		6BA1B2431D2A24530010343C /* ASIDataDecompressor.m */ = {isa = PBXFileReference; fileEncoding = 4; lastKnownFileType = sourcecode.c.objc; path = ASIDataDecompressor.m; sourceTree = "<group>"; };
		6BA1B2441D2A24530010343C /* ASIDownloadCache.h */ = {isa = PBXFileReference; fileEncoding = 4; lastKnownFileType = sourcecode.c.h; path = ASIDownloadCache.h; sourceTree = "<group>"; };
		6BA1B2451D2A24530010343C /* ASIDownloadCache.m */ = {isa = PBXFileReference; fileEncoding = 4; lastKnownFileType = sourcecode.c.objc; path = ASIDownloadCache.m; sourceTree = "<group>"; };
		6BA1B2461D2A24530010343C /* ASIFormDataRequest.h */ = {isa = PBXFileReference; fileEncoding = 4; lastKnownFileType = sourcecode.c.h; path = ASIFormDataRequest.h; sourceTree = "<group>"; };
		6BA1B2471D2A24530010343C /* ASIFormDataRequest.m */ = {isa = PBXFileReference; fileEncoding = 4; lastKnownFileType = sourcecode.c.objc; path = ASIFormDataRequest.m; sourceTree = "<group>"; };
		6BA1B2481D2A24530010343C /* ASIHTTPRequest.h */ = {isa = PBXFileReference; fileEncoding = 4; lastKnownFileType = sourcecode.c.h; path = ASIHTTPRequest.h; sourceTree = "<group>"; };
		6BA1B2491D2A24530010343C /* ASIHTTPRequest.m */ = {isa = PBXFileReference; fileEncoding = 4; lastKnownFileType = sourcecode.c.objc; path = ASIHTTPRequest.m; sourceTree = "<group>"; };
		6BA1B24A1D2A24530010343C /* ASIHTTPRequestConfig.h */ = {isa = PBXFileReference; fileEncoding = 4; lastKnownFileType = sourcecode.c.h; path = ASIHTTPRequestConfig.h; sourceTree = "<group>"; };
		6BA1B24B1D2A24530010343C /* ASIHTTPRequestDelegate.h */ = {isa = PBXFileReference; fileEncoding = 4; lastKnownFileType = sourcecode.c.h; path = ASIHTTPRequestDelegate.h; sourceTree = "<group>"; };
		6BA1B24C1D2A24530010343C /* ASIInputStream.h */ = {isa = PBXFileReference; fileEncoding = 4; lastKnownFileType = sourcecode.c.h; path = ASIInputStream.h; sourceTree = "<group>"; };
		6BA1B24D1D2A24530010343C /* ASIInputStream.m */ = {isa = PBXFileReference; fileEncoding = 4; lastKnownFileType = sourcecode.c.objc; path = ASIInputStream.m; sourceTree = "<group>"; };
		6BA1B24E1D2A24530010343C /* ASINetworkQueue.h */ = {isa = PBXFileReference; fileEncoding = 4; lastKnownFileType = sourcecode.c.h; path = ASINetworkQueue.h; sourceTree = "<group>"; };
		6BA1B24F1D2A24530010343C /* ASINetworkQueue.m */ = {isa = PBXFileReference; fileEncoding = 4; lastKnownFileType = sourcecode.c.objc; path = ASINetworkQueue.m; sourceTree = "<group>"; };
		6BA1B2501D2A24530010343C /* ASIProgressDelegate.h */ = {isa = PBXFileReference; fileEncoding = 4; lastKnownFileType = sourcecode.c.h; path = ASIProgressDelegate.h; sourceTree = "<group>"; };
		6BA1B2511D2A24530010343C /* SEAOperationQueue.h */ = {isa = PBXFileReference; fileEncoding = 4; lastKnownFileType = sourcecode.c.h; path = SEAOperationQueue.h; sourceTree = "<group>"; };
		6BA1B2521D2A24530010343C /* SEAOperationQueue.m */ = {isa = PBXFileReference; fileEncoding = 4; lastKnownFileType = sourcecode.c.objc; path = SEAOperationQueue.m; sourceTree = "<group>"; };
		6BA1B2541D2A24530010343C /* ContextFilterLogFormatter.h */ = {isa = PBXFileReference; fileEncoding = 4; lastKnownFileType = sourcecode.c.h; path = ContextFilterLogFormatter.h; sourceTree = "<group>"; };
		6BA1B2551D2A24530010343C /* ContextFilterLogFormatter.m */ = {isa = PBXFileReference; fileEncoding = 4; lastKnownFileType = sourcecode.c.objc; path = ContextFilterLogFormatter.m; sourceTree = "<group>"; };
		6BA1B2561D2A24530010343C /* DDAbstractDatabaseLogger.h */ = {isa = PBXFileReference; fileEncoding = 4; lastKnownFileType = sourcecode.c.h; path = DDAbstractDatabaseLogger.h; sourceTree = "<group>"; };
		6BA1B2571D2A24530010343C /* DDAbstractDatabaseLogger.m */ = {isa = PBXFileReference; fileEncoding = 4; lastKnownFileType = sourcecode.c.objc; path = DDAbstractDatabaseLogger.m; sourceTree = "<group>"; };
		6BA1B2581D2A24530010343C /* DDASLLogger.h */ = {isa = PBXFileReference; fileEncoding = 4; lastKnownFileType = sourcecode.c.h; path = DDASLLogger.h; sourceTree = "<group>"; };
		6BA1B2591D2A24530010343C /* DDASLLogger.m */ = {isa = PBXFileReference; fileEncoding = 4; lastKnownFileType = sourcecode.c.objc; path = DDASLLogger.m; sourceTree = "<group>"; };
		6BA1B25A1D2A24530010343C /* DDData.h */ = {isa = PBXFileReference; fileEncoding = 4; lastKnownFileType = sourcecode.c.h; path = DDData.h; sourceTree = "<group>"; };
		6BA1B25B1D2A24530010343C /* DDData.m */ = {isa = PBXFileReference; fileEncoding = 4; lastKnownFileType = sourcecode.c.objc; path = DDData.m; sourceTree = "<group>"; };
		6BA1B25C1D2A24530010343C /* DDFileLogger.h */ = {isa = PBXFileReference; fileEncoding = 4; lastKnownFileType = sourcecode.c.h; path = DDFileLogger.h; sourceTree = "<group>"; };
		6BA1B25D1D2A24530010343C /* DDFileLogger.m */ = {isa = PBXFileReference; fileEncoding = 4; lastKnownFileType = sourcecode.c.objc; path = DDFileLogger.m; sourceTree = "<group>"; };
		6BA1B25E1D2A24530010343C /* DDLog.h */ = {isa = PBXFileReference; fileEncoding = 4; lastKnownFileType = sourcecode.c.h; path = DDLog.h; sourceTree = "<group>"; };
		6BA1B25F1D2A24530010343C /* DDLog.m */ = {isa = PBXFileReference; fileEncoding = 4; lastKnownFileType = sourcecode.c.objc; path = DDLog.m; sourceTree = "<group>"; };
		6BA1B2601D2A24530010343C /* DDNumber.h */ = {isa = PBXFileReference; fileEncoding = 4; lastKnownFileType = sourcecode.c.h; path = DDNumber.h; sourceTree = "<group>"; };
		6BA1B2611D2A24530010343C /* DDNumber.m */ = {isa = PBXFileReference; fileEncoding = 4; lastKnownFileType = sourcecode.c.objc; path = DDNumber.m; sourceTree = "<group>"; };
		6BA1B2621D2A24530010343C /* DDRange.h */ = {isa = PBXFileReference; fileEncoding = 4; lastKnownFileType = sourcecode.c.h; path = DDRange.h; sourceTree = "<group>"; };
		6BA1B2631D2A24530010343C /* DDRange.m */ = {isa = PBXFileReference; fileEncoding = 4; lastKnownFileType = sourcecode.c.objc; path = DDRange.m; sourceTree = "<group>"; };
		6BA1B2641D2A24530010343C /* DDTTYLogger.h */ = {isa = PBXFileReference; fileEncoding = 4; lastKnownFileType = sourcecode.c.h; path = DDTTYLogger.h; sourceTree = "<group>"; };
		6BA1B2651D2A24530010343C /* DDTTYLogger.m */ = {isa = PBXFileReference; fileEncoding = 4; lastKnownFileType = sourcecode.c.objc; path = DDTTYLogger.m; sourceTree = "<group>"; };
		6BA1B2661D2A24530010343C /* DispatchQueueLogFormatter.h */ = {isa = PBXFileReference; fileEncoding = 4; lastKnownFileType = sourcecode.c.h; path = DispatchQueueLogFormatter.h; sourceTree = "<group>"; };
		6BA1B2671D2A24530010343C /* DispatchQueueLogFormatter.m */ = {isa = PBXFileReference; fileEncoding = 4; lastKnownFileType = sourcecode.c.objc; path = DispatchQueueLogFormatter.m; sourceTree = "<group>"; };
		6BA1B2681D2A24530010343C /* GCDAsyncSocket.h */ = {isa = PBXFileReference; fileEncoding = 4; lastKnownFileType = sourcecode.c.h; path = GCDAsyncSocket.h; sourceTree = "<group>"; };
		6BA1B2691D2A24530010343C /* GCDAsyncSocket.m */ = {isa = PBXFileReference; fileEncoding = 4; lastKnownFileType = sourcecode.c.objc; path = GCDAsyncSocket.m; sourceTree = "<group>"; };
		6BA1B26A1D2A24530010343C /* HTTPAsyncFileResponse.h */ = {isa = PBXFileReference; fileEncoding = 4; lastKnownFileType = sourcecode.c.h; path = HTTPAsyncFileResponse.h; sourceTree = "<group>"; };
		6BA1B26B1D2A24530010343C /* HTTPAsyncFileResponse.m */ = {isa = PBXFileReference; fileEncoding = 4; lastKnownFileType = sourcecode.c.objc; path = HTTPAsyncFileResponse.m; sourceTree = "<group>"; };
		6BA1B26C1D2A24530010343C /* HTTPAuthenticationRequest.h */ = {isa = PBXFileReference; fileEncoding = 4; lastKnownFileType = sourcecode.c.h; path = HTTPAuthenticationRequest.h; sourceTree = "<group>"; };
		6BA1B26D1D2A24530010343C /* HTTPAuthenticationRequest.m */ = {isa = PBXFileReference; fileEncoding = 4; lastKnownFileType = sourcecode.c.objc; path = HTTPAuthenticationRequest.m; sourceTree = "<group>"; };
		6BA1B26E1D2A24530010343C /* HTTPConnection.h */ = {isa = PBXFileReference; fileEncoding = 4; lastKnownFileType = sourcecode.c.h; path = HTTPConnection.h; sourceTree = "<group>"; };
		6BA1B26F1D2A24530010343C /* HTTPConnection.m */ = {isa = PBXFileReference; fileEncoding = 4; lastKnownFileType = sourcecode.c.objc; path = HTTPConnection.m; sourceTree = "<group>"; };
		6BA1B2701D2A24530010343C /* HTTPDataResponse.h */ = {isa = PBXFileReference; fileEncoding = 4; lastKnownFileType = sourcecode.c.h; path = HTTPDataResponse.h; sourceTree = "<group>"; };
		6BA1B2711D2A24530010343C /* HTTPDataResponse.m */ = {isa = PBXFileReference; fileEncoding = 4; lastKnownFileType = sourcecode.c.objc; path = HTTPDataResponse.m; sourceTree = "<group>"; };
		6BA1B2721D2A24530010343C /* HTTPDynamicFileResponse.h */ = {isa = PBXFileReference; fileEncoding = 4; lastKnownFileType = sourcecode.c.h; path = HTTPDynamicFileResponse.h; sourceTree = "<group>"; };
		6BA1B2731D2A24530010343C /* HTTPDynamicFileResponse.m */ = {isa = PBXFileReference; fileEncoding = 4; lastKnownFileType = sourcecode.c.objc; path = HTTPDynamicFileResponse.m; sourceTree = "<group>"; };
		6BA1B2741D2A24530010343C /* HTTPErrorResponse.h */ = {isa = PBXFileReference; fileEncoding = 4; lastKnownFileType = sourcecode.c.h; path = HTTPErrorResponse.h; sourceTree = "<group>"; };
		6BA1B2751D2A24530010343C /* HTTPErrorResponse.m */ = {isa = PBXFileReference; fileEncoding = 4; lastKnownFileType = sourcecode.c.objc; path = HTTPErrorResponse.m; sourceTree = "<group>"; };
		6BA1B2761D2A24530010343C /* HTTPFileResponse.h */ = {isa = PBXFileReference; fileEncoding = 4; lastKnownFileType = sourcecode.c.h; path = HTTPFileResponse.h; sourceTree = "<group>"; };
		6BA1B2771D2A24530010343C /* HTTPFileResponse.m */ = {isa = PBXFileReference; fileEncoding = 4; lastKnownFileType = sourcecode.c.objc; path = HTTPFileResponse.m; sourceTree = "<group>"; };
		6BA1B2781D2A24530010343C /* HTTPLogging.h */ = {isa = PBXFileReference; fileEncoding = 4; lastKnownFileType = sourcecode.c.h; path = HTTPLogging.h; sourceTree = "<group>"; };
		6BA1B2791D2A24530010343C /* HTTPMessage.h */ = {isa = PBXFileReference; fileEncoding = 4; lastKnownFileType = sourcecode.c.h; path = HTTPMessage.h; sourceTree = "<group>"; };
		6BA1B27A1D2A24530010343C /* HTTPMessage.m */ = {isa = PBXFileReference; fileEncoding = 4; lastKnownFileType = sourcecode.c.objc; path = HTTPMessage.m; sourceTree = "<group>"; };
		6BA1B27B1D2A24530010343C /* HTTPRedirectResponse.h */ = {isa = PBXFileReference; fileEncoding = 4; lastKnownFileType = sourcecode.c.h; path = HTTPRedirectResponse.h; sourceTree = "<group>"; };
		6BA1B27C1D2A24530010343C /* HTTPRedirectResponse.m */ = {isa = PBXFileReference; fileEncoding = 4; lastKnownFileType = sourcecode.c.objc; path = HTTPRedirectResponse.m; sourceTree = "<group>"; };
		6BA1B27D1D2A24530010343C /* HTTPResponse.h */ = {isa = PBXFileReference; fileEncoding = 4; lastKnownFileType = sourcecode.c.h; path = HTTPResponse.h; sourceTree = "<group>"; };
		6BA1B27E1D2A24530010343C /* HTTPServer.h */ = {isa = PBXFileReference; fileEncoding = 4; lastKnownFileType = sourcecode.c.h; path = HTTPServer.h; sourceTree = "<group>"; };
		6BA1B27F1D2A24530010343C /* HTTPServer.m */ = {isa = PBXFileReference; fileEncoding = 4; lastKnownFileType = sourcecode.c.objc; path = HTTPServer.m; sourceTree = "<group>"; };
		6BA1B2801D2A24530010343C /* WebSocket.h */ = {isa = PBXFileReference; fileEncoding = 4; lastKnownFileType = sourcecode.c.h; path = WebSocket.h; sourceTree = "<group>"; };
		6BA1B2811D2A24530010343C /* WebSocket.m */ = {isa = PBXFileReference; fileEncoding = 4; lastKnownFileType = sourcecode.c.objc; path = WebSocket.m; sourceTree = "<group>"; };
		6BA1B2831D2A24530010343C /* Reachability.h */ = {isa = PBXFileReference; fileEncoding = 4; lastKnownFileType = sourcecode.c.h; path = Reachability.h; sourceTree = "<group>"; };
		6BA1B2841D2A24530010343C /* Reachability.m */ = {isa = PBXFileReference; fileEncoding = 4; lastKnownFileType = sourcecode.c.objc; path = Reachability.m; sourceTree = "<group>"; };
		6BA1B2A51D2A25340010343C /* libz.tbd */ = {isa = PBXFileReference; lastKnownFileType = "sourcecode.text-based-dylib-definition"; name = libz.tbd; path = usr/lib/libz.tbd; sourceTree = SDKROOT; };
		6BA1B2CD1D34B0D30010343C /* PYMovie.h */ = {isa = PBXFileReference; fileEncoding = 4; lastKnownFileType = sourcecode.c.h; path = PYMovie.h; sourceTree = "<group>"; };
		6BA1B2CE1D34B0D30010343C /* PYMovie.m */ = {isa = PBXFileReference; fileEncoding = 4; lastKnownFileType = sourcecode.c.objc; path = PYMovie.m; sourceTree = "<group>"; };
		6BA2826B1D004F20007FE7E8 /* PYPhotosViewExample.app */ = {isa = PBXFileReference; explicitFileType = wrapper.application; includeInIndex = 0; path = PYPhotosViewExample.app; sourceTree = BUILT_PRODUCTS_DIR; };
		6BA2826F1D004F20007FE7E8 /* main.m */ = {isa = PBXFileReference; lastKnownFileType = sourcecode.c.objc; path = main.m; sourceTree = "<group>"; };
		6BA282711D004F20007FE7E8 /* AppDelegate.h */ = {isa = PBXFileReference; lastKnownFileType = sourcecode.c.h; path = AppDelegate.h; sourceTree = "<group>"; };
		6BA282721D004F20007FE7E8 /* AppDelegate.m */ = {isa = PBXFileReference; lastKnownFileType = sourcecode.c.objc; path = AppDelegate.m; sourceTree = "<group>"; };
		6BA282781D004F20007FE7E8 /* Base */ = {isa = PBXFileReference; lastKnownFileType = file.storyboard; name = Base; path = Base.lproj/Main.storyboard; sourceTree = "<group>"; };
		6BA2827A1D004F20007FE7E8 /* Assets.xcassets */ = {isa = PBXFileReference; lastKnownFileType = folder.assetcatalog; path = Assets.xcassets; sourceTree = "<group>"; };
		6BA2827D1D004F20007FE7E8 /* Base */ = {isa = PBXFileReference; lastKnownFileType = file.storyboard; name = Base; path = Base.lproj/LaunchScreen.storyboard; sourceTree = "<group>"; };
		6BA2827F1D004F20007FE7E8 /* Info.plist */ = {isa = PBXFileReference; lastKnownFileType = text.plist.xml; path = Info.plist; sourceTree = "<group>"; };
		6BA282841D004F20007FE7E8 /* PYPhotosViewExampleTests.xctest */ = {isa = PBXFileReference; explicitFileType = wrapper.cfbundle; includeInIndex = 0; path = PYPhotosViewExampleTests.xctest; sourceTree = BUILT_PRODUCTS_DIR; };
		6BA282881D004F20007FE7E8 /* PYPhotosViewExampleTests.m */ = {isa = PBXFileReference; lastKnownFileType = sourcecode.c.objc; path = PYPhotosViewExampleTests.m; sourceTree = "<group>"; };
		6BA2828A1D004F20007FE7E8 /* Info.plist */ = {isa = PBXFileReference; lastKnownFileType = text.plist.xml; path = Info.plist; sourceTree = "<group>"; };
		6BA2828F1D004F20007FE7E8 /* PYPhotosViewExampleUITests.xctest */ = {isa = PBXFileReference; explicitFileType = wrapper.cfbundle; includeInIndex = 0; path = PYPhotosViewExampleUITests.xctest; sourceTree = BUILT_PRODUCTS_DIR; };
		6BA282931D004F20007FE7E8 /* PYPhotosViewExampleUITests.m */ = {isa = PBXFileReference; lastKnownFileType = sourcecode.c.objc; path = PYPhotosViewExampleUITests.m; sourceTree = "<group>"; };
		6BA282951D004F20007FE7E8 /* Info.plist */ = {isa = PBXFileReference; lastKnownFileType = text.plist.xml; path = Info.plist; sourceTree = "<group>"; };
		6BA282A11D004F86007FE7E8 /* PYExampleViewController.h */ = {isa = PBXFileReference; fileEncoding = 4; lastKnownFileType = sourcecode.c.h; path = PYExampleViewController.h; sourceTree = "<group>"; };
		6BA282A21D004F86007FE7E8 /* PYExampleViewController.m */ = {isa = PBXFileReference; fileEncoding = 4; lastKnownFileType = sourcecode.c.objc; path = PYExampleViewController.m; sourceTree = "<group>"; };
		6BA282AD1D004FB3007FE7E8 /* PYPhotosPreviewController.h */ = {isa = PBXFileReference; fileEncoding = 4; lastKnownFileType = sourcecode.c.h; path = PYPhotosPreviewController.h; sourceTree = "<group>"; };
		6BA282AE1D004FB3007FE7E8 /* PYPhotosPreviewController.m */ = {isa = PBXFileReference; fileEncoding = 4; lastKnownFileType = sourcecode.c.objc; path = PYPhotosPreviewController.m; sourceTree = "<group>"; };
		6BA282AF1D004FB3007FE7E8 /* PYPhotosReaderController.h */ = {isa = PBXFileReference; fileEncoding = 4; lastKnownFileType = sourcecode.c.h; path = PYPhotosReaderController.h; sourceTree = "<group>"; };
		6BA282B01D004FB3007FE7E8 /* PYPhotosReaderController.m */ = {isa = PBXFileReference; fileEncoding = 4; lastKnownFileType = sourcecode.c.objc; path = PYPhotosReaderController.m; sourceTree = "<group>"; };
		6BA282B11D004FB3007FE7E8 /* PYPhotosViewController.h */ = {isa = PBXFileReference; fileEncoding = 4; lastKnownFileType = sourcecode.c.h; path = PYPhotosViewController.h; sourceTree = "<group>"; };
		6BA282B21D004FB3007FE7E8 /* PYPhotosViewController.m */ = {isa = PBXFileReference; fileEncoding = 4; lastKnownFileType = sourcecode.c.objc; path = PYPhotosViewController.m; sourceTree = "<group>"; };
		6BA282E01D004FB3007FE7E8 /* PYPhoto.h */ = {isa = PBXFileReference; fileEncoding = 4; lastKnownFileType = sourcecode.c.h; path = PYPhoto.h; sourceTree = "<group>"; };
		6BA282E11D004FB3007FE7E8 /* PYPhoto.m */ = {isa = PBXFileReference; fileEncoding = 4; lastKnownFileType = sourcecode.c.objc; path = PYPhoto.m; sourceTree = "<group>"; };
		6BA282E21D004FB3007FE7E8 /* PYPhotoCell.h */ = {isa = PBXFileReference; fileEncoding = 4; lastKnownFileType = sourcecode.c.h; name = PYPhotoCell.h; path = ../Model/PYPhotoCell.h; sourceTree = "<group>"; };
		6BA282E31D004FB3007FE7E8 /* PYPhotoCell.m */ = {isa = PBXFileReference; fileEncoding = 4; lastKnownFileType = sourcecode.c.objc; name = PYPhotoCell.m; path = ../Model/PYPhotoCell.m; sourceTree = "<group>"; };
		6BA282E51D004FB3007FE7E8 /* PYConst.h */ = {isa = PBXFileReference; fileEncoding = 4; lastKnownFileType = sourcecode.c.h; path = PYConst.h; sourceTree = "<group>"; };
		6BA282E61D004FB3007FE7E8 /* PYConst.m */ = {isa = PBXFileReference; fileEncoding = 4; lastKnownFileType = sourcecode.c.objc; path = PYConst.m; sourceTree = "<group>"; };
		6BA282E71D004FB3007FE7E8 /* PYPhotosView.bundle */ = {isa = PBXFileReference; lastKnownFileType = "wrapper.plug-in"; path = PYPhotosView.bundle; sourceTree = "<group>"; };
		6BA282E91D004FB3007FE7E8 /* PYPhotosView.h */ = {isa = PBXFileReference; fileEncoding = 4; lastKnownFileType = sourcecode.c.h; path = PYPhotosView.h; sourceTree = "<group>"; };
		6BA282EA1D004FB3007FE7E8 /* PYPhotosView.m */ = {isa = PBXFileReference; fileEncoding = 4; lastKnownFileType = sourcecode.c.objc; path = PYPhotosView.m; sourceTree = "<group>"; };
		6BA282EB1D004FB3007FE7E8 /* PYPhotoView.h */ = {isa = PBXFileReference; fileEncoding = 4; lastKnownFileType = sourcecode.c.h; path = PYPhotoView.h; sourceTree = "<group>"; };
		6BA282EC1D004FB3007FE7E8 /* PYPhotoView.m */ = {isa = PBXFileReference; fileEncoding = 4; lastKnownFileType = sourcecode.c.objc; path = PYPhotoView.m; sourceTree = "<group>"; };
		6BC54BD71D20314500580646 /* MBProgressHUD.bundle */ = {isa = PBXFileReference; lastKnownFileType = "wrapper.plug-in"; path = MBProgressHUD.bundle; sourceTree = "<group>"; };
		6BC54BD81D20314500580646 /* MBProgressHUD.h */ = {isa = PBXFileReference; fileEncoding = 4; lastKnownFileType = sourcecode.c.h; path = MBProgressHUD.h; sourceTree = "<group>"; };
		6BC54BD91D20314500580646 /* MBProgressHUD.m */ = {isa = PBXFileReference; fileEncoding = 4; lastKnownFileType = sourcecode.c.objc; path = MBProgressHUD.m; sourceTree = "<group>"; };
/* End PBXFileReference section */

/* Begin PBXFrameworksBuildPhase section */
		6BA282681D004F20007FE7E8 /* Frameworks */ = {
			isa = PBXFrameworksBuildPhase;
			buildActionMask = 2147483647;
			files = (
				6BA1B2A61D2A25340010343C /* libz.tbd in Frameworks */,
			);
			runOnlyForDeploymentPostprocessing = 0;
		};
		6BA282811D004F20007FE7E8 /* Frameworks */ = {
			isa = PBXFrameworksBuildPhase;
			buildActionMask = 2147483647;
			files = (
			);
			runOnlyForDeploymentPostprocessing = 0;
		};
		6BA2828C1D004F20007FE7E8 /* Frameworks */ = {
			isa = PBXFrameworksBuildPhase;
			buildActionMask = 2147483647;
			files = (
			);
			runOnlyForDeploymentPostprocessing = 0;
		};
/* End PBXFrameworksBuildPhase section */

/* Begin PBXGroup section */
		6B4904AB1D05DA1F00A0A88C /* DACircularProgress */ = {
			isa = PBXGroup;
			children = (
				6B4904AC1D05DA1F00A0A88C /* PYDACircularProgressView.h */,
				6B4904AD1D05DA1F00A0A88C /* PYDACircularProgressView.m */,
				6B4904AE1D05DA1F00A0A88C /* PYDALabeledCircularProgressView.h */,
				6B4904AF1D05DA1F00A0A88C /* PYDALabeledCircularProgressView.m */,
			);
			path = DACircularProgress;
			sourceTree = "<group>";
		};
		6B7B2B361D13E1810012B152 /* Category */ = {
			isa = PBXGroup;
			children = (
				6B7B2B861D1BFC6A0012B152 /* MBProgressHUD+PY.h */,
				6B7B2B871D1BFC6A0012B152 /* MBProgressHUD+PY.m */,
				6B7B2B371D13E1810012B152 /* UIView+PYExtension.h */,
				6B7B2B381D13E1810012B152 /* UIView+PYExtension.m */,
			);
			path = Category;
			sourceTree = "<group>";
		};
		6B7B2BC11D1BFE3E0012B152 /* Lib */ = {
			isa = PBXGroup;
			children = (
				6BA1B2A51D2A25340010343C /* libz.tbd */,
				6BA1B23C1D2A24530010343C /* ASIHTTPRequest2 */,
				6BA1B2531D2A24530010343C /* HttpServer */,
				6BA1B2821D2A24530010343C /* Reachability2.0 */,
				6BC54BD61D20314500580646 /* MBProgressHUD */,
				6B7B2BC61D1C092A0012B152 /* SDWebImage */,
			);
			path = Lib;
			sourceTree = "<group>";
		};
		6B7B2BC61D1C092A0012B152 /* SDWebImage */ = {
			isa = PBXGroup;
			children = (
				6B7B2BC71D1C092A0012B152 /* MKAnnotationView+WebCache.h */,
				6B7B2BC81D1C092A0012B152 /* MKAnnotationView+WebCache.m */,
				6B7B2BC91D1C092A0012B152 /* NSData+ImageContentType.h */,
				6B7B2BCA1D1C092A0012B152 /* NSData+ImageContentType.m */,
				6B7B2BCB1D1C092A0012B152 /* SDImageCache.h */,
				6B7B2BCC1D1C092A0012B152 /* SDImageCache.m */,
				6B7B2BCD1D1C092A0012B152 /* SDWebImageCompat.h */,
				6B7B2BCE1D1C092A0012B152 /* SDWebImageCompat.m */,
				6B7B2BCF1D1C092A0012B152 /* SDWebImageDecoder.h */,
				6B7B2BD01D1C092A0012B152 /* SDWebImageDecoder.m */,
				6B7B2BD11D1C092A0012B152 /* SDWebImageDownloader.h */,
				6B7B2BD21D1C092A0012B152 /* SDWebImageDownloader.m */,
				6B7B2BD31D1C092A0012B152 /* SDWebImageDownloaderOperation.h */,
				6B7B2BD41D1C092A0012B152 /* SDWebImageDownloaderOperation.m */,
				6B7B2BD51D1C092A0012B152 /* SDWebImageManager.h */,
				6B7B2BD61D1C092A0012B152 /* SDWebImageManager.m */,
				6B7B2BD71D1C092A0012B152 /* SDWebImageOperation.h */,
				6B7B2BD81D1C092A0012B152 /* SDWebImagePrefetcher.h */,
				6B7B2BD91D1C092A0012B152 /* SDWebImagePrefetcher.m */,
				6B7B2BDA1D1C092A0012B152 /* UIButton+WebCache.h */,
				6B7B2BDB1D1C092A0012B152 /* UIButton+WebCache.m */,
				6B7B2BDC1D1C092A0012B152 /* UIImage+GIF.h */,
				6B7B2BDD1D1C092A0012B152 /* UIImage+GIF.m */,
				6B7B2BDE1D1C092A0012B152 /* UIImage+MultiFormat.h */,
				6B7B2BDF1D1C092A0012B152 /* UIImage+MultiFormat.m */,
				6B7B2BE01D1C092A0012B152 /* UIImage+WebP.h */,
				6B7B2BE11D1C092A0012B152 /* UIImage+WebP.m */,
				6B7B2BE21D1C092A0012B152 /* UIImageView+HighlightedWebCache.h */,
				6B7B2BE31D1C092A0012B152 /* UIImageView+HighlightedWebCache.m */,
				6B7B2BE41D1C092A0012B152 /* UIImageView+WebCache.h */,
				6B7B2BE51D1C092A0012B152 /* UIImageView+WebCache.m */,
				6B7B2BE61D1C092A0012B152 /* UIView+WebCacheOperation.h */,
				6B7B2BE71D1C092A0012B152 /* UIView+WebCacheOperation.m */,
			);
			path = SDWebImage;
			sourceTree = "<group>";
		};
		6BA1B23C1D2A24530010343C /* ASIHTTPRequest2 */ = {
			isa = PBXGroup;
			children = (
				6BA1B23D1D2A24530010343C /* ASIAuthenticationDialog.h */,
				6BA1B23E1D2A24530010343C /* ASIAuthenticationDialog.m */,
				6BA1B23F1D2A24530010343C /* ASICacheDelegate.h */,
				6BA1B2401D2A24530010343C /* ASIDataCompressor.h */,
				6BA1B2411D2A24530010343C /* ASIDataCompressor.m */,
				6BA1B2421D2A24530010343C /* ASIDataDecompressor.h */,
				6BA1B2431D2A24530010343C /* ASIDataDecompressor.m */,
				6BA1B2441D2A24530010343C /* ASIDownloadCache.h */,
				6BA1B2451D2A24530010343C /* ASIDownloadCache.m */,
				6BA1B2461D2A24530010343C /* ASIFormDataRequest.h */,
				6BA1B2471D2A24530010343C /* ASIFormDataRequest.m */,
				6BA1B2481D2A24530010343C /* ASIHTTPRequest.h */,
				6BA1B2491D2A24530010343C /* ASIHTTPRequest.m */,
				6BA1B24A1D2A24530010343C /* ASIHTTPRequestConfig.h */,
				6BA1B24B1D2A24530010343C /* ASIHTTPRequestDelegate.h */,
				6BA1B24C1D2A24530010343C /* ASIInputStream.h */,
				6BA1B24D1D2A24530010343C /* ASIInputStream.m */,
				6BA1B24E1D2A24530010343C /* ASINetworkQueue.h */,
				6BA1B24F1D2A24530010343C /* ASINetworkQueue.m */,
				6BA1B2501D2A24530010343C /* ASIProgressDelegate.h */,
				6BA1B2511D2A24530010343C /* SEAOperationQueue.h */,
				6BA1B2521D2A24530010343C /* SEAOperationQueue.m */,
			);
			path = ASIHTTPRequest2;
			sourceTree = "<group>";
		};
		6BA1B2531D2A24530010343C /* HttpServer */ = {
			isa = PBXGroup;
			children = (
				6BA1B2541D2A24530010343C /* ContextFilterLogFormatter.h */,
				6BA1B2551D2A24530010343C /* ContextFilterLogFormatter.m */,
				6BA1B2561D2A24530010343C /* DDAbstractDatabaseLogger.h */,
				6BA1B2571D2A24530010343C /* DDAbstractDatabaseLogger.m */,
				6BA1B2581D2A24530010343C /* DDASLLogger.h */,
				6BA1B2591D2A24530010343C /* DDASLLogger.m */,
				6BA1B25A1D2A24530010343C /* DDData.h */,
				6BA1B25B1D2A24530010343C /* DDData.m */,
				6BA1B25C1D2A24530010343C /* DDFileLogger.h */,
				6BA1B25D1D2A24530010343C /* DDFileLogger.m */,
				6BA1B25E1D2A24530010343C /* DDLog.h */,
				6BA1B25F1D2A24530010343C /* DDLog.m */,
				6BA1B2601D2A24530010343C /* DDNumber.h */,
				6BA1B2611D2A24530010343C /* DDNumber.m */,
				6BA1B2621D2A24530010343C /* DDRange.h */,
				6BA1B2631D2A24530010343C /* DDRange.m */,
				6BA1B2641D2A24530010343C /* DDTTYLogger.h */,
				6BA1B2651D2A24530010343C /* DDTTYLogger.m */,
				6BA1B2661D2A24530010343C /* DispatchQueueLogFormatter.h */,
				6BA1B2671D2A24530010343C /* DispatchQueueLogFormatter.m */,
				6BA1B2681D2A24530010343C /* GCDAsyncSocket.h */,
				6BA1B2691D2A24530010343C /* GCDAsyncSocket.m */,
				6BA1B26A1D2A24530010343C /* HTTPAsyncFileResponse.h */,
				6BA1B26B1D2A24530010343C /* HTTPAsyncFileResponse.m */,
				6BA1B26C1D2A24530010343C /* HTTPAuthenticationRequest.h */,
				6BA1B26D1D2A24530010343C /* HTTPAuthenticationRequest.m */,
				6BA1B26E1D2A24530010343C /* HTTPConnection.h */,
				6BA1B26F1D2A24530010343C /* HTTPConnection.m */,
				6BA1B2701D2A24530010343C /* HTTPDataResponse.h */,
				6BA1B2711D2A24530010343C /* HTTPDataResponse.m */,
				6BA1B2721D2A24530010343C /* HTTPDynamicFileResponse.h */,
				6BA1B2731D2A24530010343C /* HTTPDynamicFileResponse.m */,
				6BA1B2741D2A24530010343C /* HTTPErrorResponse.h */,
				6BA1B2751D2A24530010343C /* HTTPErrorResponse.m */,
				6BA1B2761D2A24530010343C /* HTTPFileResponse.h */,
				6BA1B2771D2A24530010343C /* HTTPFileResponse.m */,
				6BA1B2781D2A24530010343C /* HTTPLogging.h */,
				6BA1B2791D2A24530010343C /* HTTPMessage.h */,
				6BA1B27A1D2A24530010343C /* HTTPMessage.m */,
				6BA1B27B1D2A24530010343C /* HTTPRedirectResponse.h */,
				6BA1B27C1D2A24530010343C /* HTTPRedirectResponse.m */,
				6BA1B27D1D2A24530010343C /* HTTPResponse.h */,
				6BA1B27E1D2A24530010343C /* HTTPServer.h */,
				6BA1B27F1D2A24530010343C /* HTTPServer.m */,
				6BA1B2801D2A24530010343C /* WebSocket.h */,
				6BA1B2811D2A24530010343C /* WebSocket.m */,
			);
			path = HttpServer;
			sourceTree = "<group>";
		};
		6BA1B2821D2A24530010343C /* Reachability2.0 */ = {
			isa = PBXGroup;
			children = (
				6BA1B2831D2A24530010343C /* Reachability.h */,
				6BA1B2841D2A24530010343C /* Reachability.m */,
			);
			path = Reachability2.0;
			sourceTree = "<group>";
		};
		6BA282621D004F20007FE7E8 = {
			isa = PBXGroup;
			children = (
				6BA2826D1D004F20007FE7E8 /* PYPhotosViewExample */,
				6BA282871D004F20007FE7E8 /* PYPhotosViewExampleTests */,
				6BA282921D004F20007FE7E8 /* PYPhotosViewExampleUITests */,
				6BA2826C1D004F20007FE7E8 /* Products */,
			);
			sourceTree = "<group>";
		};
		6BA2826C1D004F20007FE7E8 /* Products */ = {
			isa = PBXGroup;
			children = (
				6BA2826B1D004F20007FE7E8 /* PYPhotosViewExample.app */,
				6BA282841D004F20007FE7E8 /* PYPhotosViewExampleTests.xctest */,
				6BA2828F1D004F20007FE7E8 /* PYPhotosViewExampleUITests.xctest */,
			);
			name = Products;
			sourceTree = "<group>";
		};
		6BA2826D1D004F20007FE7E8 /* PYPhotosViewExample */ = {
			isa = PBXGroup;
			children = (
				6B7B2BC11D1BFE3E0012B152 /* Lib */,
				6BA282A41D004FB3007FE7E8 /* PYPhotosView */,
				6BA282711D004F20007FE7E8 /* AppDelegate.h */,
				6BA282721D004F20007FE7E8 /* AppDelegate.m */,
				6BA282A11D004F86007FE7E8 /* PYExampleViewController.h */,
				6BA282A21D004F86007FE7E8 /* PYExampleViewController.m */,
				6B7B2C351D1CD8610012B152 /* PYPublishExampleViewController.h */,
				6B7B2C361D1CD8610012B152 /* PYPublishExampleViewController.m */,
				6BA2826E1D004F20007FE7E8 /* Supporting Files */,
			);
			path = PYPhotosViewExample;
			sourceTree = "<group>";
		};
		6BA2826E1D004F20007FE7E8 /* Supporting Files */ = {
			isa = PBXGroup;
			children = (
				6BA282771D004F20007FE7E8 /* Main.storyboard */,
				6BA2827A1D004F20007FE7E8 /* Assets.xcassets */,
				6BA2827C1D004F20007FE7E8 /* LaunchScreen.storyboard */,
				6BA2827F1D004F20007FE7E8 /* Info.plist */,
				6BA2826F1D004F20007FE7E8 /* main.m */,
			);
			name = "Supporting Files";
			sourceTree = "<group>";
		};
		6BA282871D004F20007FE7E8 /* PYPhotosViewExampleTests */ = {
			isa = PBXGroup;
			children = (
				6BA282881D004F20007FE7E8 /* PYPhotosViewExampleTests.m */,
				6BA2828A1D004F20007FE7E8 /* Info.plist */,
			);
			path = PYPhotosViewExampleTests;
			sourceTree = "<group>";
		};
		6BA282921D004F20007FE7E8 /* PYPhotosViewExampleUITests */ = {
			isa = PBXGroup;
			children = (
				6BA282931D004F20007FE7E8 /* PYPhotosViewExampleUITests.m */,
				6BA282951D004F20007FE7E8 /* Info.plist */,
			);
			path = PYPhotosViewExampleUITests;
			sourceTree = "<group>";
		};
		6BA282A41D004FB3007FE7E8 /* PYPhotosView */ = {
			isa = PBXGroup;
			children = (
				6BA282B31D004FB3007FE7E8 /* Lib */,
				6BA282AC1D004FB3007FE7E8 /* Controller */,
				6BA282DF1D004FB3007FE7E8 /* Model */,
				6BA282E41D004FB3007FE7E8 /* Other */,
				6BA282E71D004FB3007FE7E8 /* PYPhotosView.bundle */,
				6BA282E81D004FB3007FE7E8 /* View */,
			);
			name = PYPhotosView;
			path = ../../PYPhotosView;
			sourceTree = "<group>";
		};
		6BA282AC1D004FB3007FE7E8 /* Controller */ = {
			isa = PBXGroup;
			children = (
				6BA1B1601D278D2F0010343C /* PYMoviePlayerController.h */,
				6BA1B1611D278D2F0010343C /* PYMoviePlayerController.m */,
				6B7B2C381D1D22DA0012B152 /* PYNavigationController.h */,
				6B7B2C391D1D22DA0012B152 /* PYNavigationController.m */,
				6BA282AD1D004FB3007FE7E8 /* PYPhotosPreviewController.h */,
				6BA282AE1D004FB3007FE7E8 /* PYPhotosPreviewController.m */,
				6BA282AF1D004FB3007FE7E8 /* PYPhotosReaderController.h */,
				6BA282B01D004FB3007FE7E8 /* PYPhotosReaderController.m */,
				6BA282B11D004FB3007FE7E8 /* PYPhotosViewController.h */,
				6BA282B21D004FB3007FE7E8 /* PYPhotosViewController.m */,
			);
			path = Controller;
			sourceTree = "<group>";
		};
		6BA282B31D004FB3007FE7E8 /* Lib */ = {
			isa = PBXGroup;
			children = (
				6B7B2B361D13E1810012B152 /* Category */,
				6B4904AB1D05DA1F00A0A88C /* DACircularProgress */,
			);
			path = Lib;
			sourceTree = "<group>";
		};
		6BA282DF1D004FB3007FE7E8 /* Model */ = {
			isa = PBXGroup;
			children = (
				6BA282E01D004FB3007FE7E8 /* PYPhoto.h */,
				6BA282E11D004FB3007FE7E8 /* PYPhoto.m */,
				6BA1B2CD1D34B0D30010343C /* PYMovie.h */,
				6BA1B2CE1D34B0D30010343C /* PYMovie.m */,
			);
			path = Model;
			sourceTree = "<group>";
		};
		6BA282E41D004FB3007FE7E8 /* Other */ = {
			isa = PBXGroup;
			children = (
				6BA282E51D004FB3007FE7E8 /* PYConst.h */,
				6BA282E61D004FB3007FE7E8 /* PYConst.m */,
			);
			path = Other;
			sourceTree = "<group>";
		};
		6BA282E81D004FB3007FE7E8 /* View */ = {
			isa = PBXGroup;
			children = (
				6BA1B1581D278C9B0010343C /* PYMoviePlayerView.h */,
				6BA1B1591D278C9B0010343C /* PYMoviePlayerView.m */,
				6BA1B15A1D278C9B0010343C /* PYMoviePlayerView.xib */,
				6BA282E21D004FB3007FE7E8 /* PYPhotoCell.h */,
				6BA282E31D004FB3007FE7E8 /* PYPhotoCell.m */,
				6BA282E91D004FB3007FE7E8 /* PYPhotosView.h */,
				6BA282EA1D004FB3007FE7E8 /* PYPhotosView.m */,
				6BA282EB1D004FB3007FE7E8 /* PYPhotoView.h */,
				6BA282EC1D004FB3007FE7E8 /* PYPhotoView.m */,
			);
			path = View;
			sourceTree = "<group>";
		};
		6BC54BD61D20314500580646 /* MBProgressHUD */ = {
			isa = PBXGroup;
			children = (
				6BC54BD71D20314500580646 /* MBProgressHUD.bundle */,
				6BC54BD81D20314500580646 /* MBProgressHUD.h */,
				6BC54BD91D20314500580646 /* MBProgressHUD.m */,
			);
			path = MBProgressHUD;
			sourceTree = "<group>";
		};
/* End PBXGroup section */

/* Begin PBXNativeTarget section */
		6BA2826A1D004F20007FE7E8 /* PYPhotosViewExample */ = {
			isa = PBXNativeTarget;
			buildConfigurationList = 6BA282981D004F20007FE7E8 /* Build configuration list for PBXNativeTarget "PYPhotosViewExample" */;
			buildPhases = (
				6BA282671D004F20007FE7E8 /* Sources */,
				6BA282681D004F20007FE7E8 /* Frameworks */,
				6BA282691D004F20007FE7E8 /* Resources */,
			);
			buildRules = (
			);
			dependencies = (
			);
			name = PYPhotosViewExample;
			productName = PYPhotosViewExample;
			productReference = 6BA2826B1D004F20007FE7E8 /* PYPhotosViewExample.app */;
			productType = "com.apple.product-type.application";
		};
		6BA282831D004F20007FE7E8 /* PYPhotosViewExampleTests */ = {
			isa = PBXNativeTarget;
			buildConfigurationList = 6BA2829B1D004F20007FE7E8 /* Build configuration list for PBXNativeTarget "PYPhotosViewExampleTests" */;
			buildPhases = (
				6BA282801D004F20007FE7E8 /* Sources */,
				6BA282811D004F20007FE7E8 /* Frameworks */,
				6BA282821D004F20007FE7E8 /* Resources */,
			);
			buildRules = (
			);
			dependencies = (
				6BA282861D004F20007FE7E8 /* PBXTargetDependency */,
			);
			name = PYPhotosViewExampleTests;
			productName = PYPhotosViewExampleTests;
			productReference = 6BA282841D004F20007FE7E8 /* PYPhotosViewExampleTests.xctest */;
			productType = "com.apple.product-type.bundle.unit-test";
		};
		6BA2828E1D004F20007FE7E8 /* PYPhotosViewExampleUITests */ = {
			isa = PBXNativeTarget;
			buildConfigurationList = 6BA2829E1D004F20007FE7E8 /* Build configuration list for PBXNativeTarget "PYPhotosViewExampleUITests" */;
			buildPhases = (
				6BA2828B1D004F20007FE7E8 /* Sources */,
				6BA2828C1D004F20007FE7E8 /* Frameworks */,
				6BA2828D1D004F20007FE7E8 /* Resources */,
			);
			buildRules = (
			);
			dependencies = (
				6BA282911D004F20007FE7E8 /* PBXTargetDependency */,
			);
			name = PYPhotosViewExampleUITests;
			productName = PYPhotosViewExampleUITests;
			productReference = 6BA2828F1D004F20007FE7E8 /* PYPhotosViewExampleUITests.xctest */;
			productType = "com.apple.product-type.bundle.ui-testing";
		};
/* End PBXNativeTarget section */

/* Begin PBXProject section */
		6BA282631D004F20007FE7E8 /* Project object */ = {
			isa = PBXProject;
			attributes = {
				LastUpgradeCheck = 0730;
				ORGANIZATIONNAME = iphone5solo;
				TargetAttributes = {
					6BA2826A1D004F20007FE7E8 = {
						CreatedOnToolsVersion = 7.3.1;
						DevelopmentTeam = QQ6879B72L;
					};
					6BA282831D004F20007FE7E8 = {
						CreatedOnToolsVersion = 7.3.1;
						TestTargetID = 6BA2826A1D004F20007FE7E8;
					};
					6BA2828E1D004F20007FE7E8 = {
						CreatedOnToolsVersion = 7.3.1;
						TestTargetID = 6BA2826A1D004F20007FE7E8;
					};
				};
			};
			buildConfigurationList = 6BA282661D004F20007FE7E8 /* Build configuration list for PBXProject "PYPhotosViewExample" */;
			compatibilityVersion = "Xcode 3.2";
			developmentRegion = English;
			hasScannedForEncodings = 0;
			knownRegions = (
				en,
				Base,
			);
			mainGroup = 6BA282621D004F20007FE7E8;
			productRefGroup = 6BA2826C1D004F20007FE7E8 /* Products */;
			projectDirPath = "";
			projectRoot = "";
			targets = (
				6BA2826A1D004F20007FE7E8 /* PYPhotosViewExample */,
				6BA282831D004F20007FE7E8 /* PYPhotosViewExampleTests */,
				6BA2828E1D004F20007FE7E8 /* PYPhotosViewExampleUITests */,
			);
		};
/* End PBXProject section */

/* Begin PBXResourcesBuildPhase section */
		6BA282691D004F20007FE7E8 /* Resources */ = {
			isa = PBXResourcesBuildPhase;
			buildActionMask = 2147483647;
			files = (
				6BA1B15C1D278C9B0010343C /* PYMoviePlayerView.xib in Resources */,
				6BA2827E1D004F20007FE7E8 /* LaunchScreen.storyboard in Resources */,
				6BA2830A1D004FB3007FE7E8 /* PYPhotosView.bundle in Resources */,
				6BC54BDA1D20314500580646 /* MBProgressHUD.bundle in Resources */,
				6BA2827B1D004F20007FE7E8 /* Assets.xcassets in Resources */,
				6BA282791D004F20007FE7E8 /* Main.storyboard in Resources */,
			);
			runOnlyForDeploymentPostprocessing = 0;
		};
		6BA282821D004F20007FE7E8 /* Resources */ = {
			isa = PBXResourcesBuildPhase;
			buildActionMask = 2147483647;
			files = (
			);
			runOnlyForDeploymentPostprocessing = 0;
		};
		6BA2828D1D004F20007FE7E8 /* Resources */ = {
			isa = PBXResourcesBuildPhase;
			buildActionMask = 2147483647;
			files = (
			);
			runOnlyForDeploymentPostprocessing = 0;
		};
/* End PBXResourcesBuildPhase section */

/* Begin PBXSourcesBuildPhase section */
		6BA282671D004F20007FE7E8 /* Sources */ = {
			isa = PBXSourcesBuildPhase;
			buildActionMask = 2147483647;
			files = (
				6BA1B15B1D278C9B0010343C /* PYMoviePlayerView.m in Sources */,
				6B7B2BF41D1C092A0012B152 /* UIImage+GIF.m in Sources */,
				6BA1B29C1D2A24530010343C /* HTTPDataResponse.m in Sources */,
				6BA282731D004F20007FE7E8 /* AppDelegate.m in Sources */,
				6BA282F11D004FB3007FE7E8 /* PYPhotosReaderController.m in Sources */,
				6BA1B2A41D2A24530010343C /* Reachability.m in Sources */,
				6BA2830C1D004FB3007FE7E8 /* PYPhotoView.m in Sources */,
				6BA283071D004FB3007FE7E8 /* PYPhoto.m in Sources */,
				6B7B2BF61D1C092A0012B152 /* UIImage+WebP.m in Sources */,
				6BA1B29B1D2A24530010343C /* HTTPConnection.m in Sources */,
				6B7B2BEB1D1C092A0012B152 /* NSData+ImageContentType.m in Sources */,
				6BA1B2A31D2A24530010343C /* WebSocket.m in Sources */,
				6BC54BDB1D20314500580646 /* MBProgressHUD.m in Sources */,
				6BA282701D004F20007FE7E8 /* main.m in Sources */,
				6BA1B2851D2A24530010343C /* ASIAuthenticationDialog.m in Sources */,
				6BA2830B1D004FB3007FE7E8 /* PYPhotosView.m in Sources */,
				6BA1B2901D2A24530010343C /* DDASLLogger.m in Sources */,
				6BA1B2871D2A24530010343C /* ASIDataDecompressor.m in Sources */,
				6B7B2BEE1D1C092A0012B152 /* SDWebImageDecoder.m in Sources */,
				6BA1B2991D2A24530010343C /* HTTPAsyncFileResponse.m in Sources */,
				6BA1B2951D2A24530010343C /* DDRange.m in Sources */,
				6BA1B2921D2A24530010343C /* DDFileLogger.m in Sources */,
				6BA1B2941D2A24530010343C /* DDNumber.m in Sources */,
				6BA1B2931D2A24530010343C /* DDLog.m in Sources */,
				6BA1B2961D2A24530010343C /* DDTTYLogger.m in Sources */,
				6B7B2B881D1BFC6A0012B152 /* MBProgressHUD+PY.m in Sources */,
				6BA1B2911D2A24530010343C /* DDData.m in Sources */,
				6BA1B2A01D2A24530010343C /* HTTPMessage.m in Sources */,
				6BA1B28A1D2A24530010343C /* ASIHTTPRequest.m in Sources */,
				6B7B2BF31D1C092A0012B152 /* UIButton+WebCache.m in Sources */,
				6B7B2BF11D1C092A0012B152 /* SDWebImageManager.m in Sources */,
				6BA282F01D004FB3007FE7E8 /* PYPhotosPreviewController.m in Sources */,
				6B7B2BF81D1C092A0012B152 /* UIImageView+WebCache.m in Sources */,
				6BA283081D004FB3007FE7E8 /* PYPhotoCell.m in Sources */,
				6BA1B29D1D2A24530010343C /* HTTPDynamicFileResponse.m in Sources */,
				6BA1B29A1D2A24530010343C /* HTTPAuthenticationRequest.m in Sources */,
				6B4904B11D05DA1F00A0A88C /* PYDALabeledCircularProgressView.m in Sources */,
				6BA1B28C1D2A24530010343C /* ASINetworkQueue.m in Sources */,
				6BA283091D004FB3007FE7E8 /* PYConst.m in Sources */,
				6B7B2C371D1CD8610012B152 /* PYPublishExampleViewController.m in Sources */,
				6BA282F21D004FB3007FE7E8 /* PYPhotosViewController.m in Sources */,
				6B7B2BF71D1C092A0012B152 /* UIImageView+HighlightedWebCache.m in Sources */,
				6B7B2BEF1D1C092A0012B152 /* SDWebImageDownloader.m in Sources */,
				6BA1B2891D2A24530010343C /* ASIFormDataRequest.m in Sources */,
				6B7B2BF21D1C092A0012B152 /* SDWebImagePrefetcher.m in Sources */,
				6BA1B28F1D2A24530010343C /* DDAbstractDatabaseLogger.m in Sources */,
				6BA1B2981D2A24530010343C /* GCDAsyncSocket.m in Sources */,
				6BA1B2861D2A24530010343C /* ASIDataCompressor.m in Sources */,
				6BA1B2CF1D34B0D30010343C /* PYMovie.m in Sources */,
				6BA1B28E1D2A24530010343C /* ContextFilterLogFormatter.m in Sources */,
				6B4904B01D05DA1F00A0A88C /* PYDACircularProgressView.m in Sources */,
				6BA1B1621D278D2F0010343C /* PYMoviePlayerController.m in Sources */,
				6B7B2C3A1D1D22DA0012B152 /* PYNavigationController.m in Sources */,
				6BA1B2A21D2A24530010343C /* HTTPServer.m in Sources */,
				6BA1B28D1D2A24530010343C /* SEAOperationQueue.m in Sources */,
				6B7B2BEC1D1C092A0012B152 /* SDImageCache.m in Sources */,
				6BA1B29F1D2A24530010343C /* HTTPFileResponse.m in Sources */,
				6B7B2BF01D1C092A0012B152 /* SDWebImageDownloaderOperation.m in Sources */,
				6B7B2B391D13E1810012B152 /* UIView+PYExtension.m in Sources */,
				6B7B2BEA1D1C092A0012B152 /* MKAnnotationView+WebCache.m in Sources */,
				6BA1B28B1D2A24530010343C /* ASIInputStream.m in Sources */,
				6BA1B29E1D2A24530010343C /* HTTPErrorResponse.m in Sources */,
				6B7B2BF51D1C092A0012B152 /* UIImage+MultiFormat.m in Sources */,
				6BA1B2881D2A24530010343C /* ASIDownloadCache.m in Sources */,
				6B7B2BF91D1C092A0012B152 /* UIView+WebCacheOperation.m in Sources */,
				6B7B2BED1D1C092A0012B152 /* SDWebImageCompat.m in Sources */,
				6BA1B2A11D2A24530010343C /* HTTPRedirectResponse.m in Sources */,
				6BA1B2971D2A24530010343C /* DispatchQueueLogFormatter.m in Sources */,
				6BA282A31D004F86007FE7E8 /* PYExampleViewController.m in Sources */,
			);
			runOnlyForDeploymentPostprocessing = 0;
		};
		6BA282801D004F20007FE7E8 /* Sources */ = {
			isa = PBXSourcesBuildPhase;
			buildActionMask = 2147483647;
			files = (
				6BA282891D004F20007FE7E8 /* PYPhotosViewExampleTests.m in Sources */,
			);
			runOnlyForDeploymentPostprocessing = 0;
		};
		6BA2828B1D004F20007FE7E8 /* Sources */ = {
			isa = PBXSourcesBuildPhase;
			buildActionMask = 2147483647;
			files = (
				6BA282941D004F20007FE7E8 /* PYPhotosViewExampleUITests.m in Sources */,
			);
			runOnlyForDeploymentPostprocessing = 0;
		};
/* End PBXSourcesBuildPhase section */

/* Begin PBXTargetDependency section */
		6BA282861D004F20007FE7E8 /* PBXTargetDependency */ = {
			isa = PBXTargetDependency;
			target = 6BA2826A1D004F20007FE7E8 /* PYPhotosViewExample */;
			targetProxy = 6BA282851D004F20007FE7E8 /* PBXContainerItemProxy */;
		};
		6BA282911D004F20007FE7E8 /* PBXTargetDependency */ = {
			isa = PBXTargetDependency;
			target = 6BA2826A1D004F20007FE7E8 /* PYPhotosViewExample */;
			targetProxy = 6BA282901D004F20007FE7E8 /* PBXContainerItemProxy */;
		};
/* End PBXTargetDependency section */

/* Begin PBXVariantGroup section */
		6BA282771D004F20007FE7E8 /* Main.storyboard */ = {
			isa = PBXVariantGroup;
			children = (
				6BA282781D004F20007FE7E8 /* Base */,
			);
			name = Main.storyboard;
			sourceTree = "<group>";
		};
		6BA2827C1D004F20007FE7E8 /* LaunchScreen.storyboard */ = {
			isa = PBXVariantGroup;
			children = (
				6BA2827D1D004F20007FE7E8 /* Base */,
			);
			name = LaunchScreen.storyboard;
			sourceTree = "<group>";
		};
/* End PBXVariantGroup section */

/* Begin XCBuildConfiguration section */
		6BA282961D004F20007FE7E8 /* Debug */ = {
			isa = XCBuildConfiguration;
			buildSettings = {
				ALWAYS_SEARCH_USER_PATHS = NO;
				CLANG_ANALYZER_NONNULL = YES;
				CLANG_CXX_LANGUAGE_STANDARD = "gnu++0x";
				CLANG_CXX_LIBRARY = "libc++";
				CLANG_ENABLE_MODULES = YES;
				CLANG_ENABLE_OBJC_ARC = YES;
				CLANG_WARN_BOOL_CONVERSION = YES;
				CLANG_WARN_CONSTANT_CONVERSION = YES;
				CLANG_WARN_DIRECT_OBJC_ISA_USAGE = YES_ERROR;
				CLANG_WARN_EMPTY_BODY = YES;
				CLANG_WARN_ENUM_CONVERSION = YES;
				CLANG_WARN_INT_CONVERSION = YES;
				CLANG_WARN_OBJC_ROOT_CLASS = YES_ERROR;
				CLANG_WARN_UNREACHABLE_CODE = YES;
				CLANG_WARN__DUPLICATE_METHOD_MATCH = YES;
				"CODE_SIGN_IDENTITY[sdk=iphoneos*]" = "iPhone Developer";
				COPY_PHASE_STRIP = NO;
				DEBUG_INFORMATION_FORMAT = dwarf;
				ENABLE_STRICT_OBJC_MSGSEND = YES;
				ENABLE_TESTABILITY = YES;
				GCC_C_LANGUAGE_STANDARD = gnu99;
				GCC_DYNAMIC_NO_PIC = NO;
				GCC_NO_COMMON_BLOCKS = YES;
				GCC_OPTIMIZATION_LEVEL = 0;
				GCC_PREPROCESSOR_DEFINITIONS = (
					"DEBUG=1",
					"$(inherited)",
				);
				GCC_WARN_64_TO_32_BIT_CONVERSION = YES;
				GCC_WARN_ABOUT_RETURN_TYPE = YES_ERROR;
				GCC_WARN_UNDECLARED_SELECTOR = YES;
				GCC_WARN_UNINITIALIZED_AUTOS = YES_AGGRESSIVE;
				GCC_WARN_UNUSED_FUNCTION = YES;
				GCC_WARN_UNUSED_VARIABLE = YES;
				IPHONEOS_DEPLOYMENT_TARGET = 9.3;
				MTL_ENABLE_DEBUG_INFO = YES;
				ONLY_ACTIVE_ARCH = YES;
				SDKROOT = iphoneos;
			};
			name = Debug;
		};
		6BA282971D004F20007FE7E8 /* Release */ = {
			isa = XCBuildConfiguration;
			buildSettings = {
				ALWAYS_SEARCH_USER_PATHS = NO;
				CLANG_ANALYZER_NONNULL = YES;
				CLANG_CXX_LANGUAGE_STANDARD = "gnu++0x";
				CLANG_CXX_LIBRARY = "libc++";
				CLANG_ENABLE_MODULES = YES;
				CLANG_ENABLE_OBJC_ARC = YES;
				CLANG_WARN_BOOL_CONVERSION = YES;
				CLANG_WARN_CONSTANT_CONVERSION = YES;
				CLANG_WARN_DIRECT_OBJC_ISA_USAGE = YES_ERROR;
				CLANG_WARN_EMPTY_BODY = YES;
				CLANG_WARN_ENUM_CONVERSION = YES;
				CLANG_WARN_INT_CONVERSION = YES;
				CLANG_WARN_OBJC_ROOT_CLASS = YES_ERROR;
				CLANG_WARN_UNREACHABLE_CODE = YES;
				CLANG_WARN__DUPLICATE_METHOD_MATCH = YES;
				"CODE_SIGN_IDENTITY[sdk=iphoneos*]" = "iPhone Developer";
				COPY_PHASE_STRIP = NO;
				DEBUG_INFORMATION_FORMAT = "dwarf-with-dsym";
				ENABLE_NS_ASSERTIONS = NO;
				ENABLE_STRICT_OBJC_MSGSEND = YES;
				GCC_C_LANGUAGE_STANDARD = gnu99;
				GCC_NO_COMMON_BLOCKS = YES;
				GCC_WARN_64_TO_32_BIT_CONVERSION = YES;
				GCC_WARN_ABOUT_RETURN_TYPE = YES_ERROR;
				GCC_WARN_UNDECLARED_SELECTOR = YES;
				GCC_WARN_UNINITIALIZED_AUTOS = YES_AGGRESSIVE;
				GCC_WARN_UNUSED_FUNCTION = YES;
				GCC_WARN_UNUSED_VARIABLE = YES;
				IPHONEOS_DEPLOYMENT_TARGET = 9.3;
				MTL_ENABLE_DEBUG_INFO = NO;
				SDKROOT = iphoneos;
				VALIDATE_PRODUCT = YES;
			};
			name = Release;
		};
		6BA282991D004F20007FE7E8 /* Debug */ = {
			isa = XCBuildConfiguration;
			buildSettings = {
				ASSETCATALOG_COMPILER_APPICON_NAME = AppIcon;
				CODE_SIGN_IDENTITY = "iPhone Developer";
				"CODE_SIGN_IDENTITY[sdk=iphoneos*]" = "iPhone Developer";
				INFOPLIST_FILE = PYPhotosViewExample/Info.plist;
				IPHONEOS_DEPLOYMENT_TARGET = 8.0;
				LD_RUNPATH_SEARCH_PATHS = "$(inherited) @executable_path/Frameworks";
				PRODUCT_BUNDLE_IDENTIFIER = com.NextStep.PYPhotosViewExample;
				PRODUCT_NAME = "$(TARGET_NAME)";
				PROVISIONING_PROFILE = "";
			};
			name = Debug;
		};
		6BA2829A1D004F20007FE7E8 /* Release */ = {
			isa = XCBuildConfiguration;
			buildSettings = {
				ASSETCATALOG_COMPILER_APPICON_NAME = AppIcon;
				CODE_SIGN_IDENTITY = "iPhone Developer";
				"CODE_SIGN_IDENTITY[sdk=iphoneos*]" = "iPhone Developer";
				INFOPLIST_FILE = PYPhotosViewExample/Info.plist;
				IPHONEOS_DEPLOYMENT_TARGET = 8.0;
				LD_RUNPATH_SEARCH_PATHS = "$(inherited) @executable_path/Frameworks";
				PRODUCT_BUNDLE_IDENTIFIER = com.NextStep.PYPhotosViewExample;
				PRODUCT_NAME = "$(TARGET_NAME)";
				PROVISIONING_PROFILE = "";
			};
			name = Release;
		};
		6BA2829C1D004F20007FE7E8 /* Debug */ = {
			isa = XCBuildConfiguration;
			buildSettings = {
				BUNDLE_LOADER = "$(TEST_HOST)";
				INFOPLIST_FILE = PYPhotosViewExampleTests/Info.plist;
				LD_RUNPATH_SEARCH_PATHS = "$(inherited) @executable_path/Frameworks @loader_path/Frameworks";
				PRODUCT_BUNDLE_IDENTIFIER = com.NextStep.PYPhotosViewExampleTests;
				PRODUCT_NAME = "$(TARGET_NAME)";
				TEST_HOST = "$(BUILT_PRODUCTS_DIR)/PYPhotosViewExample.app/PYPhotosViewExample";
			};
			name = Debug;
		};
		6BA2829D1D004F20007FE7E8 /* Release */ = {
			isa = XCBuildConfiguration;
			buildSettings = {
				BUNDLE_LOADER = "$(TEST_HOST)";
				INFOPLIST_FILE = PYPhotosViewExampleTests/Info.plist;
				LD_RUNPATH_SEARCH_PATHS = "$(inherited) @executable_path/Frameworks @loader_path/Frameworks";
				PRODUCT_BUNDLE_IDENTIFIER = com.NextStep.PYPhotosViewExampleTests;
				PRODUCT_NAME = "$(TARGET_NAME)";
				TEST_HOST = "$(BUILT_PRODUCTS_DIR)/PYPhotosViewExample.app/PYPhotosViewExample";
			};
			name = Release;
		};
		6BA2829F1D004F20007FE7E8 /* Debug */ = {
			isa = XCBuildConfiguration;
			buildSettings = {
				INFOPLIST_FILE = PYPhotosViewExampleUITests/Info.plist;
				LD_RUNPATH_SEARCH_PATHS = "$(inherited) @executable_path/Frameworks @loader_path/Frameworks";
				PRODUCT_BUNDLE_IDENTIFIER = com.NextStep.PYPhotosViewExampleUITests;
				PRODUCT_NAME = "$(TARGET_NAME)";
				TEST_TARGET_NAME = PYPhotosViewExample;
			};
			name = Debug;
		};
		6BA282A01D004F20007FE7E8 /* Release */ = {
			isa = XCBuildConfiguration;
			buildSettings = {
				INFOPLIST_FILE = PYPhotosViewExampleUITests/Info.plist;
				LD_RUNPATH_SEARCH_PATHS = "$(inherited) @executable_path/Frameworks @loader_path/Frameworks";
				PRODUCT_BUNDLE_IDENTIFIER = com.NextStep.PYPhotosViewExampleUITests;
				PRODUCT_NAME = "$(TARGET_NAME)";
				TEST_TARGET_NAME = PYPhotosViewExample;
			};
			name = Release;
		};
/* End XCBuildConfiguration section */

/* Begin XCConfigurationList section */
		6BA282661D004F20007FE7E8 /* Build configuration list for PBXProject "PYPhotosViewExample" */ = {
			isa = XCConfigurationList;
			buildConfigurations = (
				6BA282961D004F20007FE7E8 /* Debug */,
				6BA282971D004F20007FE7E8 /* Release */,
			);
			defaultConfigurationIsVisible = 0;
			defaultConfigurationName = Release;
		};
		6BA282981D004F20007FE7E8 /* Build configuration list for PBXNativeTarget "PYPhotosViewExample" */ = {
			isa = XCConfigurationList;
			buildConfigurations = (
				6BA282991D004F20007FE7E8 /* Debug */,
				6BA2829A1D004F20007FE7E8 /* Release */,
			);
			defaultConfigurationIsVisible = 0;
			defaultConfigurationName = Release;
		};
		6BA2829B1D004F20007FE7E8 /* Build configuration list for PBXNativeTarget "PYPhotosViewExampleTests" */ = {
			isa = XCConfigurationList;
			buildConfigurations = (
				6BA2829C1D004F20007FE7E8 /* Debug */,
				6BA2829D1D004F20007FE7E8 /* Release */,
			);
			defaultConfigurationIsVisible = 0;
			defaultConfigurationName = Release;
		};
		6BA2829E1D004F20007FE7E8 /* Build configuration list for PBXNativeTarget "PYPhotosViewExampleUITests" */ = {
			isa = XCConfigurationList;
			buildConfigurations = (
				6BA2829F1D004F20007FE7E8 /* Debug */,
				6BA282A01D004F20007FE7E8 /* Release */,
			);
			defaultConfigurationIsVisible = 0;
			defaultConfigurationName = Release;
		};
/* End XCConfigurationList section */
	};
	rootObject = 6BA282631D004F20007FE7E8 /* Project object */;
}
